// !$*UTF8*$!
{
	archiveVersion = 1;
	classes = {
	};
	objectVersion = 77;
	objects = {

/* Begin PBXBuildFile section */
		111EC91E2FBD45B500272C1E /* MedataCore in Frameworks */ = {isa = PBXBuildFile; productRef = 111EC91D2FBD45B500272C1E /* MedataCore */; };
		118B44A42FF0000000272C1E /* GlucoseGraph in Frameworks */ = {isa = PBXBuildFile; productRef = 118B44A52FF0000000272C1E /* GlucoseGraph */; };
		11CC66A03000000000272C1E /* GlucoseIngestion in Frameworks */ = {isa = PBXBuildFile; productRef = 11CC66A13000000000272C1E /* GlucoseIngestion */; };
		11DD77A02FF3000000272C1E /* GlucoseWidgetShared in Frameworks */ = {isa = PBXBuildFile; productRef = 11DD77A12FF3000000272C1E /* GlucoseWidgetShared */; };
		11FE88A02FF4000000272C1E /* LibreLinkUpKit in Frameworks */ = {isa = PBXBuildFile; productRef = 11FE88A12FF4000000272C1E /* LibreLinkUpKit */; };
		11FE88A22FF4000000272C1E /* LibreLinkUpKit in Frameworks */ = {isa = PBXBuildFile; productRef = 11FE88A32FF4000000272C1E /* LibreLinkUpKit */; };
		111EC9232FBD47A100272C1E /* App.swift in Sources */ = {isa = PBXBuildFile; fileRef = 111EC91F2FBD47A100272C1E /* App.swift */; };
		111EC9242FBD47A100272C1E /* ResultView.swift in Sources */ = {isa = PBXBuildFile; fileRef = 111EC9212FBD47A100272C1E /* ResultView.swift */; };
		111EC9252FBD47A100272C1E /* CaptureFlowView.swift in Sources */ = {isa = PBXBuildFile; fileRef = 111EC9202FBD47A100272C1E /* CaptureFlowView.swift */; };
		111EC9262FBD47A100272C1E /* SettingsView.swift in Sources */ = {isa = PBXBuildFile; fileRef = 111EC9222FBD47A100272C1E /* SettingsView.swift */; };
		111EC9272FBD47A100272C1E /* Colors.swift in Sources */ = {isa = PBXBuildFile; fileRef = 111EC92D2FBD47A100272C1E /* Colors.swift */; };
		111EC9282FBD47A100272C1E /* GatingSnapshot.swift in Sources */ = {isa = PBXBuildFile; fileRef = 111EC92E2FBD47A100272C1E /* GatingSnapshot.swift */; };
		111EC9292FBD47A100272C1E /* CaptureState.swift in Sources */ = {isa = PBXBuildFile; fileRef = 111EC92F2FBD47A100272C1E /* CaptureState.swift */; };
		111EC92A2FBD47A100272C1E /* SettingsKeys.swift in Sources */ = {isa = PBXBuildFile; fileRef = 111EC9302FBD47A100272C1E /* SettingsKeys.swift */; };
		111EC92B2FBD47A100272C1E /* LiveIndicatorModel.swift in Sources */ = {isa = PBXBuildFile; fileRef = 111EC9312FBD47A100272C1E /* LiveIndicatorModel.swift */; };
		111EC92C2FBD47A100272C1E /* ShareSheet.swift in Sources */ = {isa = PBXBuildFile; fileRef = 111EC9322FBD47A100272C1E /* ShareSheet.swift */; };
		111ECA012FBD47A100272C1E /* CaptureFlowModel.swift in Sources */ = {isa = PBXBuildFile; fileRef = 111ECA022FBD47A100272C1E /* CaptureFlowModel.swift */; };
		111ECA032FBD47A100272C1E /* LiveSampleObserver.swift in Sources */ = {isa = PBXBuildFile; fileRef = 111ECA042FBD47A100272C1E /* LiveSampleObserver.swift */; };
		111ECA052FBD47A100272C1E /* ARPreviewView.swift in Sources */ = {isa = PBXBuildFile; fileRef = 111ECA062FBD47A100272C1E /* ARPreviewView.swift */; };
		111ECA0C2FBD47A100272C1E /* PhotoLibrarySaver.swift in Sources */ = {isa = PBXBuildFile; fileRef = 111ECA0B2FBD47A100272C1E /* PhotoLibrarySaver.swift */; };
		112B11C02FCE000000272C1E /* AppRoot.swift in Sources */ = {isa = PBXBuildFile; fileRef = 112B11D02FCE000000272C1E /* AppRoot.swift */; };
		11AB00112FF3000000272C1E /* GlucoseWidgetPublisher.swift in Sources */ = {isa = PBXBuildFile; fileRef = 11AB00222FF3000000272C1E /* GlucoseWidgetPublisher.swift */; };
		113B22A02FD0000000272C1E /* LiveIndicatorBadge.swift in Sources */ = {isa = PBXBuildFile; fileRef = 113B22B02FD0000000272C1E /* LiveIndicatorBadge.swift */; };
		113B22F42FD0000000272C1E /* TiltBubbleGuide.swift in Sources */ = {isa = PBXBuildFile; fileRef = 113B22F52FD0000000272C1E /* TiltBubbleGuide.swift */; };
		113B22A32FD0000000272C1E /* ShutterButton.swift in Sources */ = {isa = PBXBuildFile; fileRef = 113B22B32FD0000000272C1E /* ShutterButton.swift */; };
		113B22C02FD0000000272C1E /* MedataLoadingSymbol.swift in Sources */ = {isa = PBXBuildFile; fileRef = 113B22C12FD0000000272C1E /* MedataLoadingSymbol.swift */; };
		118B44A02FF0000000272C1E /* GlucoseImportModel.swift in Sources */ = {isa = PBXBuildFile; fileRef = 118B44A22FF0000000272C1E /* GlucoseImportModel.swift */; };
		118B44A12FF0000000272C1E /* GlucoseImportView.swift in Sources */ = {isa = PBXBuildFile; fileRef = 118B44A32FF0000000272C1E /* GlucoseImportView.swift */; };
		11CC66A23000000000272C1E /* GlucoseConnectionsModel.swift in Sources */ = {isa = PBXBuildFile; fileRef = 11CC66A43000000000272C1E /* GlucoseConnectionsModel.swift */; };
		11CC66A33000000000272C1E /* GlucoseConnectionsView.swift in Sources */ = {isa = PBXBuildFile; fileRef = 11CC66A53000000000272C1E /* GlucoseConnectionsView.swift */; };
		11AB55A02FF1000000272C1E /* InsulinDoseModel.swift in Sources */ = {isa = PBXBuildFile; fileRef = 11AB55B02FF1000000272C1E /* InsulinDoseModel.swift */; };
		11AB55A12FF1000000272C1E /* InsulinDoseSheet.swift in Sources */ = {isa = PBXBuildFile; fileRef = 11AB55B12FF1000000272C1E /* InsulinDoseSheet.swift */; };
		113B22A52FD0000000272C1E /* ActiveRefusal.swift in Sources */ = {isa = PBXBuildFile; fileRef = 113B22B52FD0000000272C1E /* ActiveRefusal.swift */; };
		115DA0A02FD1000000272C1E /* TelemetryCapsule.swift in Sources */ = {isa = PBXBuildFile; fileRef = 115DA0B02FD1000000272C1E /* TelemetryCapsule.swift */; };
		115DA0A12FD1000000272C1E /* MedataBubbleLevel.swift in Sources */ = {isa = PBXBuildFile; fileRef = 115DA0B12FD1000000272C1E /* MedataBubbleLevel.swift */; };
		115DA0A22FD1000000272C1E /* CaptureErrorOverlay.swift in Sources */ = {isa = PBXBuildFile; fileRef = 115DA0B22FD1000000272C1E /* CaptureErrorOverlay.swift */; };
		115DA0A32FD1000000272C1E /* LidarForkSheetView.swift in Sources */ = {isa = PBXBuildFile; fileRef = 115DA0B32FD1000000272C1E /* LidarForkSheetView.swift */; };
		115DA0A52FD1000000272C1E /* MaskOverlayLoader.swift in Sources */ = {isa = PBXBuildFile; fileRef = 115DA0B52FD1000000272C1E /* MaskOverlayLoader.swift */; };
		11AA0001300000000272C1E0 /* MealReviewModel.swift in Sources */ = {isa = PBXBuildFile; fileRef = 11AA0002300000000272C1E0 /* MealReviewModel.swift */; };
		11AA0003300000000272C1E0 /* MealReviewView.swift in Sources */ = {isa = PBXBuildFile; fileRef = 11AA0004300000000272C1E0 /* MealReviewView.swift */; };
		B66AE5539A5F478E793B981F /* HomeView.swift in Sources */ = {isa = PBXBuildFile; fileRef = 39FA70734182528B1ECAEDD1 /* HomeView.swift */; };
		877E65EB15FB2650021F56AB /* IntakeView.swift in Sources */ = {isa = PBXBuildFile; fileRef = 0851614006E459D54779E1B6 /* IntakeView.swift */; };
		180BF780028C4E409B5B127F /* CarbEntryModel.swift in Sources */ = {isa = PBXBuildFile; fileRef = 85695F786A184CFFA741C58F /* CarbEntryModel.swift */; };
		59760C101F974CC8B530459B /* CarbEntrySheet.swift in Sources */ = {isa = PBXBuildFile; fileRef = 469D6F69D437403394586C88 /* CarbEntrySheet.swift */; };
		7FDE038E77DB431B8DC8CA93 /* QuickPresetEditSheet.swift in Sources */ = {isa = PBXBuildFile; fileRef = 7D626798E72C409F8A84C099 /* QuickPresetEditSheet.swift */; };
		4F859171975F4BD78EEA95A3 /* IntakeModel.swift in Sources */ = {isa = PBXBuildFile; fileRef = 5C4F7BBEE94C40D984FAA06D /* IntakeModel.swift */; };
		115DA0A82FD1000000272C1E /* MealOverviewView.swift in Sources */ = {isa = PBXBuildFile; fileRef = 115DA0B82FD1000000272C1E /* MealOverviewView.swift */; };
		115DA0A92FD1000000272C1E /* TrendsView.swift in Sources */ = {isa = PBXBuildFile; fileRef = 115DA0B92FD1000000272C1E /* TrendsView.swift */; };
		115DA0AA2FD1000000272C1E /* TrendsModel.swift in Sources */ = {isa = PBXBuildFile; fileRef = 115DA0BA2FD1000000272C1E /* TrendsModel.swift */; };
		115DA0AB2FD1000000272C1E /* TrendsOptionsSheet.swift in Sources */ = {isa = PBXBuildFile; fileRef = 115DA0BB2FD1000000272C1E /* TrendsOptionsSheet.swift */; };
		115DA0AC2FD1000000272C1E /* AboutView.swift in Sources */ = {isa = PBXBuildFile; fileRef = 115DA0BC2FD1000000272C1E /* AboutView.swift */; };
		112B11C22FCE000000272C1E /* ConfidencePill.swift in Sources */ = {isa = PBXBuildFile; fileRef = 112B11D22FCE000000272C1E /* ConfidencePill.swift */; };
		112B11C32FCE000000272C1E /* MealHistoryModel.swift in Sources */ = {isa = PBXBuildFile; fileRef = 112B11D32FCE000000272C1E /* MealHistoryModel.swift */; };
		114CD0A02FE2000000272C1E /* VisionCardDetector.swift in Sources */ = {isa = PBXBuildFile; fileRef = 114CD0B02FE2000000272C1E /* VisionCardDetector.swift */; };
		114CD0A12FE2000000272C1E /* PreShutterSegmenter.swift in Sources */ = {isa = PBXBuildFile; fileRef = 114CD0B12FE2000000272C1E /* PreShutterSegmenter.swift */; };
		11ED000E2FF2000000272C1E /* MeDataWidgets.appex in Embed Foundation Extensions */ = {isa = PBXBuildFile; fileRef = 11ED00012FF2000000272C1E /* MeDataWidgets.appex */; settings = {ATTRIBUTES = (RemoveHeadersOnCopy, ); }; };
		0EAC1E7EAC5832F3CDFC3771 /* MealRouting.swift in Sources */ = {isa = PBXBuildFile; fileRef = 2D6A2BF8949732DE5C4C4089 /* MealRouting.swift */; };
		0A738EA6DED7EA8BCCBBAFBF /* RecordsModel.swift in Sources */ = {isa = PBXBuildFile; fileRef = 68641EF200BD7F7B3A7AE95E /* RecordsModel.swift */; };
		3525F355B5664563B86C9E6E /* HomeGlucoseModel.swift in Sources */ = {isa = PBXBuildFile; fileRef = 722B5F27B4E145068AD9A2A7 /* HomeGlucoseModel.swift */; };
		4112908015F7E6A57CB6AC99 /* RecordsView.swift in Sources */ = {isa = PBXBuildFile; fileRef = 82F6A4CFDEE7703E11D0B655 /* RecordsView.swift */; };
		7A31C0DE5E10A4B29F44E102 /* EstimationLogView.swift in Sources */ = {isa = PBXBuildFile; fileRef = 7A31C0DE5E10A4B29F44E101 /* EstimationLogView.swift */; };
		7A31C0DE5E10A4B29F44E104 /* BenchmarkView.swift in Sources */ = {isa = PBXBuildFile; fileRef = 7A31C0DE5E10A4B29F44E103 /* BenchmarkView.swift */; };
/* End PBXBuildFile section */

/* Begin PBXFileReference section */
		111EC90C2FBD327D00272C1E /* MeData.app */ = {isa = PBXFileReference; explicitFileType = wrapper.application; includeInIndex = 0; path = MeData.app; sourceTree = BUILT_PRODUCTS_DIR; };
		11ED00012FF2000000272C1E /* MeDataWidgets.appex */ = {isa = PBXFileReference; explicitFileType = "wrapper.app-extension"; includeInIndex = 0; path = MeDataWidgets.appex; sourceTree = BUILT_PRODUCTS_DIR; };
		111EC91F2FBD47A100272C1E /* App.swift */ = {isa = PBXFileReference; lastKnownFileType = sourcecode.swift; name = App.swift; path = ../App/App.swift; sourceTree = SOURCE_ROOT; };
		111EC9202FBD47A100272C1E /* CaptureFlowView.swift */ = {isa = PBXFileReference; lastKnownFileType = sourcecode.swift; name = CaptureFlowView.swift; path = ../App/CaptureFlowView.swift; sourceTree = SOURCE_ROOT; };
		111EC9212FBD47A100272C1E /* ResultView.swift */ = {isa = PBXFileReference; lastKnownFileType = sourcecode.swift; name = ResultView.swift; path = ../App/ResultView.swift; sourceTree = SOURCE_ROOT; };
		111EC9222FBD47A100272C1E /* SettingsView.swift */ = {isa = PBXFileReference; lastKnownFileType = sourcecode.swift; name = SettingsView.swift; path = ../App/SettingsView.swift; sourceTree = SOURCE_ROOT; };
		111EC92D2FBD47A100272C1E /* Colors.swift */ = {isa = PBXFileReference; lastKnownFileType = sourcecode.swift; name = Colors.swift; path = ../App/Colors.swift; sourceTree = SOURCE_ROOT; };
		111EC92E2FBD47A100272C1E /* GatingSnapshot.swift */ = {isa = PBXFileReference; lastKnownFileType = sourcecode.swift; name = GatingSnapshot.swift; path = ../App/GatingSnapshot.swift; sourceTree = SOURCE_ROOT; };
		111EC92F2FBD47A100272C1E /* CaptureState.swift */ = {isa = PBXFileReference; lastKnownFileType = sourcecode.swift; name = CaptureState.swift; path = ../App/CaptureState.swift; sourceTree = SOURCE_ROOT; };
		111EC9302FBD47A100272C1E /* SettingsKeys.swift */ = {isa = PBXFileReference; lastKnownFileType = sourcecode.swift; name = SettingsKeys.swift; path = ../App/SettingsKeys.swift; sourceTree = SOURCE_ROOT; };
		111EC9312FBD47A100272C1E /* LiveIndicatorModel.swift */ = {isa = PBXFileReference; lastKnownFileType = sourcecode.swift; name = LiveIndicatorModel.swift; path = ../App/LiveIndicatorModel.swift; sourceTree = SOURCE_ROOT; };
		111EC9322FBD47A100272C1E /* ShareSheet.swift */ = {isa = PBXFileReference; lastKnownFileType = sourcecode.swift; name = ShareSheet.swift; path = ../App/ShareSheet.swift; sourceTree = SOURCE_ROOT; };
		111ECA022FBD47A100272C1E /* CaptureFlowModel.swift */ = {isa = PBXFileReference; lastKnownFileType = sourcecode.swift; name = CaptureFlowModel.swift; path = ../App/CaptureFlowModel.swift; sourceTree = SOURCE_ROOT; };
		111ECA042FBD47A100272C1E /* LiveSampleObserver.swift */ = {isa = PBXFileReference; lastKnownFileType = sourcecode.swift; name = LiveSampleObserver.swift; path = ../App/LiveSampleObserver.swift; sourceTree = SOURCE_ROOT; };
		111ECA062FBD47A100272C1E /* ARPreviewView.swift */ = {isa = PBXFileReference; lastKnownFileType = sourcecode.swift; name = ARPreviewView.swift; path = ../App/ARPreviewView.swift; sourceTree = SOURCE_ROOT; };
		111ECA0B2FBD47A100272C1E /* PhotoLibrarySaver.swift */ = {isa = PBXFileReference; lastKnownFileType = sourcecode.swift; name = PhotoLibrarySaver.swift; path = ../App/PhotoLibrarySaver.swift; sourceTree = SOURCE_ROOT; };
		112B11D02FCE000000272C1E /* AppRoot.swift */ = {isa = PBXFileReference; lastKnownFileType = sourcecode.swift; name = AppRoot.swift; path = ../App/AppRoot.swift; sourceTree = SOURCE_ROOT; };
		11AB00222FF3000000272C1E /* GlucoseWidgetPublisher.swift */ = {isa = PBXFileReference; lastKnownFileType = sourcecode.swift; name = GlucoseWidgetPublisher.swift; path = ../App/GlucoseWidgetPublisher.swift; sourceTree = SOURCE_ROOT; };
		113B22B02FD0000000272C1E /* LiveIndicatorBadge.swift */ = {isa = PBXFileReference; lastKnownFileType = sourcecode.swift; name = LiveIndicatorBadge.swift; path = ../App/LiveIndicatorBadge.swift; sourceTree = SOURCE_ROOT; };
		113B22F52FD0000000272C1E /* TiltBubbleGuide.swift */ = {isa = PBXFileReference; lastKnownFileType = sourcecode.swift; name = TiltBubbleGuide.swift; path = ../App/TiltBubbleGuide.swift; sourceTree = SOURCE_ROOT; };
		113B22B32FD0000000272C1E /* ShutterButton.swift */ = {isa = PBXFileReference; lastKnownFileType = sourcecode.swift; name = ShutterButton.swift; path = ../App/ShutterButton.swift; sourceTree = SOURCE_ROOT; };
		113B22C12FD0000000272C1E /* MedataLoadingSymbol.swift */ = {isa = PBXFileReference; lastKnownFileType = sourcecode.swift; name = MedataLoadingSymbol.swift; path = ../App/MedataLoadingSymbol.swift; sourceTree = SOURCE_ROOT; };
		118B44A22FF0000000272C1E /* GlucoseImportModel.swift */ = {isa = PBXFileReference; lastKnownFileType = sourcecode.swift; name = GlucoseImportModel.swift; path = ../App/GlucoseImportModel.swift; sourceTree = SOURCE_ROOT; };
		118B44A32FF0000000272C1E /* GlucoseImportView.swift */ = {isa = PBXFileReference; lastKnownFileType = sourcecode.swift; name = GlucoseImportView.swift; path = ../App/GlucoseImportView.swift; sourceTree = SOURCE_ROOT; };
		11CC66A43000000000272C1E /* GlucoseConnectionsModel.swift */ = {isa = PBXFileReference; lastKnownFileType = sourcecode.swift; name = GlucoseConnectionsModel.swift; path = ../App/GlucoseConnectionsModel.swift; sourceTree = SOURCE_ROOT; };
		11CC66A53000000000272C1E /* GlucoseConnectionsView.swift */ = {isa = PBXFileReference; lastKnownFileType = sourcecode.swift; name = GlucoseConnectionsView.swift; path = ../App/GlucoseConnectionsView.swift; sourceTree = SOURCE_ROOT; };
		11AB55B02FF1000000272C1E /* InsulinDoseModel.swift */ = {isa = PBXFileReference; lastKnownFileType = sourcecode.swift; name = InsulinDoseModel.swift; path = ../App/InsulinDoseModel.swift; sourceTree = SOURCE_ROOT; };
		11AB55B12FF1000000272C1E /* InsulinDoseSheet.swift */ = {isa = PBXFileReference; lastKnownFileType = sourcecode.swift; name = InsulinDoseSheet.swift; path = ../App/InsulinDoseSheet.swift; sourceTree = SOURCE_ROOT; };
		113B22B52FD0000000272C1E /* ActiveRefusal.swift */ = {isa = PBXFileReference; lastKnownFileType = sourcecode.swift; name = ActiveRefusal.swift; path = ../App/ActiveRefusal.swift; sourceTree = SOURCE_ROOT; };
		115DA0B02FD1000000272C1E /* TelemetryCapsule.swift */ = {isa = PBXFileReference; lastKnownFileType = sourcecode.swift; name = TelemetryCapsule.swift; path = ../App/TelemetryCapsule.swift; sourceTree = SOURCE_ROOT; };
		115DA0B12FD1000000272C1E /* MedataBubbleLevel.swift */ = {isa = PBXFileReference; lastKnownFileType = sourcecode.swift; name = MedataBubbleLevel.swift; path = ../App/MedataBubbleLevel.swift; sourceTree = SOURCE_ROOT; };
		115DA0B22FD1000000272C1E /* CaptureErrorOverlay.swift */ = {isa = PBXFileReference; lastKnownFileType = sourcecode.swift; name = CaptureErrorOverlay.swift; path = ../App/CaptureErrorOverlay.swift; sourceTree = SOURCE_ROOT; };
		115DA0B32FD1000000272C1E /* LidarForkSheetView.swift */ = {isa = PBXFileReference; lastKnownFileType = sourcecode.swift; name = LidarForkSheetView.swift; path = ../App/LidarForkSheetView.swift; sourceTree = SOURCE_ROOT; };
		115DA0B52FD1000000272C1E /* MaskOverlayLoader.swift */ = {isa = PBXFileReference; lastKnownFileType = sourcecode.swift; name = MaskOverlayLoader.swift; path = ../App/MaskOverlayLoader.swift; sourceTree = SOURCE_ROOT; };
		11AA0002300000000272C1E0 /* MealReviewModel.swift */ = {isa = PBXFileReference; lastKnownFileType = sourcecode.swift; name = MealReviewModel.swift; path = ../App/MealReviewModel.swift; sourceTree = SOURCE_ROOT; };
		11AA0004300000000272C1E0 /* MealReviewView.swift */ = {isa = PBXFileReference; lastKnownFileType = sourcecode.swift; name = MealReviewView.swift; path = ../App/MealReviewView.swift; sourceTree = SOURCE_ROOT; };
		39FA70734182528B1ECAEDD1 /* HomeView.swift */ = {isa = PBXFileReference; lastKnownFileType = sourcecode.swift; name = HomeView.swift; path = ../App/HomeView.swift; sourceTree = SOURCE_ROOT; };
		0851614006E459D54779E1B6 /* IntakeView.swift */ = {isa = PBXFileReference; lastKnownFileType = sourcecode.swift; name = IntakeView.swift; path = ../App/IntakeView.swift; sourceTree = SOURCE_ROOT; };
		85695F786A184CFFA741C58F /* CarbEntryModel.swift */ = {isa = PBXFileReference; lastKnownFileType = sourcecode.swift; name = CarbEntryModel.swift; path = ../App/CarbEntryModel.swift; sourceTree = SOURCE_ROOT; };
		469D6F69D437403394586C88 /* CarbEntrySheet.swift */ = {isa = PBXFileReference; lastKnownFileType = sourcecode.swift; name = CarbEntrySheet.swift; path = ../App/CarbEntrySheet.swift; sourceTree = SOURCE_ROOT; };
		7D626798E72C409F8A84C099 /* QuickPresetEditSheet.swift */ = {isa = PBXFileReference; lastKnownFileType = sourcecode.swift; name = QuickPresetEditSheet.swift; path = ../App/QuickPresetEditSheet.swift; sourceTree = SOURCE_ROOT; };
		5C4F7BBEE94C40D984FAA06D /* IntakeModel.swift */ = {isa = PBXFileReference; lastKnownFileType = sourcecode.swift; name = IntakeModel.swift; path = ../App/IntakeModel.swift; sourceTree = SOURCE_ROOT; };
		115DA0B82FD1000000272C1E /* MealOverviewView.swift */ = {isa = PBXFileReference; lastKnownFileType = sourcecode.swift; name = MealOverviewView.swift; path = ../App/MealOverviewView.swift; sourceTree = SOURCE_ROOT; };
		115DA0B92FD1000000272C1E /* TrendsView.swift */ = {isa = PBXFileReference; lastKnownFileType = sourcecode.swift; name = TrendsView.swift; path = ../App/TrendsView.swift; sourceTree = SOURCE_ROOT; };
		115DA0BA2FD1000000272C1E /* TrendsModel.swift */ = {isa = PBXFileReference; lastKnownFileType = sourcecode.swift; name = TrendsModel.swift; path = ../App/TrendsModel.swift; sourceTree = SOURCE_ROOT; };
		115DA0BB2FD1000000272C1E /* TrendsOptionsSheet.swift */ = {isa = PBXFileReference; lastKnownFileType = sourcecode.swift; name = TrendsOptionsSheet.swift; path = ../App/TrendsOptionsSheet.swift; sourceTree = SOURCE_ROOT; };
		115DA0BC2FD1000000272C1E /* AboutView.swift */ = {isa = PBXFileReference; lastKnownFileType = sourcecode.swift; name = AboutView.swift; path = ../App/AboutView.swift; sourceTree = SOURCE_ROOT; };
		112B11D22FCE000000272C1E /* ConfidencePill.swift */ = {isa = PBXFileReference; lastKnownFileType = sourcecode.swift; name = ConfidencePill.swift; path = ../App/ConfidencePill.swift; sourceTree = SOURCE_ROOT; };
		112B11D32FCE000000272C1E /* MealHistoryModel.swift */ = {isa = PBXFileReference; lastKnownFileType = sourcecode.swift; name = MealHistoryModel.swift; path = ../App/MealHistoryModel.swift; sourceTree = SOURCE_ROOT; };
		114CD0B02FE2000000272C1E /* VisionCardDetector.swift */ = {isa = PBXFileReference; lastKnownFileType = sourcecode.swift; name = VisionCardDetector.swift; path = ../App/VisionCardDetector.swift; sourceTree = SOURCE_ROOT; };
		114CD0B12FE2000000272C1E /* PreShutterSegmenter.swift */ = {isa = PBXFileReference; lastKnownFileType = sourcecode.swift; name = PreShutterSegmenter.swift; path = ../App/PreShutterSegmenter.swift; sourceTree = SOURCE_ROOT; };
		2D6A2BF8949732DE5C4C4089 /* MealRouting.swift */ = {isa = PBXFileReference; lastKnownFileType = sourcecode.swift; name = MealRouting.swift; path = ../App/MealRouting.swift; sourceTree = SOURCE_ROOT; };
		68641EF200BD7F7B3A7AE95E /* RecordsModel.swift */ = {isa = PBXFileReference; lastKnownFileType = sourcecode.swift; name = RecordsModel.swift; path = ../App/RecordsModel.swift; sourceTree = SOURCE_ROOT; };
		722B5F27B4E145068AD9A2A7 /* HomeGlucoseModel.swift */ = {isa = PBXFileReference; lastKnownFileType = sourcecode.swift; name = HomeGlucoseModel.swift; path = ../App/HomeGlucoseModel.swift; sourceTree = SOURCE_ROOT; };
		82F6A4CFDEE7703E11D0B655 /* RecordsView.swift */ = {isa = PBXFileReference; lastKnownFileType = sourcecode.swift; name = RecordsView.swift; path = ../App/RecordsView.swift; sourceTree = SOURCE_ROOT; };
		7A31C0DE5E10A4B29F44E101 /* EstimationLogView.swift */ = {isa = PBXFileReference; lastKnownFileType = sourcecode.swift; name = EstimationLogView.swift; path = ../App/EstimationLogView.swift; sourceTree = SOURCE_ROOT; };
		7A31C0DE5E10A4B29F44E103 /* BenchmarkView.swift */ = {isa = PBXFileReference; lastKnownFileType = sourcecode.swift; name = BenchmarkView.swift; path = ../App/BenchmarkView.swift; sourceTree = SOURCE_ROOT; };
/* End PBXFileReference section */

/* Begin PBXFileSystemSynchronizedRootGroup section */
		111EC90E2FBD327D00272C1E /* MeData */ = {
			isa = PBXFileSystemSynchronizedRootGroup;
			path = MeData;
			sourceTree = "<group>";
		};
		11ED00022FF2000000272C1E /* MeDataWidgets */ = {
			isa = PBXFileSystemSynchronizedRootGroup;
			exceptions = (
				11ED00032FF2000000272C1E /* Exceptions for "MeDataWidgets" folder in "MeDataWidgets" target */,
			);
			path = MeDataWidgets;
			sourceTree = "<group>";
		};
/* End PBXFileSystemSynchronizedRootGroup section */

/* Begin PBXFileSystemSynchronizedBuildFileExceptionSet section */
		11ED00032FF2000000272C1E /* Exceptions for "MeDataWidgets" folder in "MeDataWidgets" target */ = {
			isa = PBXFileSystemSynchronizedBuildFileExceptionSet;
			membershipExceptions = (
				Info.plist,
				MeDataWidgets.entitlements,
			);
			target = 11ED00042FF2000000272C1E /* MeDataWidgets */;
		};
/* End PBXFileSystemSynchronizedBuildFileExceptionSet section */

/* Begin PBXCopyFilesBuildPhase section */
		11ED000D2FF2000000272C1E /* Embed Foundation Extensions */ = {
			isa = PBXCopyFilesBuildPhase;
			buildActionMask = 2147483647;
			dstPath = "";
			dstSubfolderSpec = 13;
			files = (
				11ED000E2FF2000000272C1E /* MeDataWidgets.appex in Embed Foundation Extensions */,
			);
			name = "Embed Foundation Extensions";
			runOnlyForDeploymentPostprocessing = 0;
		};
/* End PBXCopyFilesBuildPhase section */

/* Begin PBXFrameworksBuildPhase section */
		111EC9092FBD327D00272C1E /* Frameworks */ = {
			isa = PBXFrameworksBuildPhase;
			buildActionMask = 2147483647;
			files = (
				111EC91E2FBD45B500272C1E /* MedataCore in Frameworks */,
				118B44A42FF0000000272C1E /* GlucoseGraph in Frameworks */,
				11CC66A03000000000272C1E /* GlucoseIngestion in Frameworks */,
				11FE88A22FF4000000272C1E /* LibreLinkUpKit in Frameworks */,
			);
			runOnlyForDeploymentPostprocessing = 0;
		};
		11ED00062FF2000000272C1E /* Frameworks */ = {
			isa = PBXFrameworksBuildPhase;
			buildActionMask = 2147483647;
			files = (
				11DD77A02FF3000000272C1E /* GlucoseWidgetShared in Frameworks */,
				11FE88A02FF4000000272C1E /* LibreLinkUpKit in Frameworks */,
			);
			runOnlyForDeploymentPostprocessing = 0;
		};
/* End PBXFrameworksBuildPhase section */

/* Begin PBXGroup section */
		111EC9032FBD327D00272C1E = {
			isa = PBXGroup;
			children = (
				111EC91F2FBD47A100272C1E /* App.swift */,
				111EC9202FBD47A100272C1E /* CaptureFlowView.swift */,
				111EC9212FBD47A100272C1E /* ResultView.swift */,
				111EC9222FBD47A100272C1E /* SettingsView.swift */,
				111EC92D2FBD47A100272C1E /* Colors.swift */,
				111EC92E2FBD47A100272C1E /* GatingSnapshot.swift */,
				111EC92F2FBD47A100272C1E /* CaptureState.swift */,
				111EC9302FBD47A100272C1E /* SettingsKeys.swift */,
				111EC9312FBD47A100272C1E /* LiveIndicatorModel.swift */,
				111EC9322FBD47A100272C1E /* ShareSheet.swift */,
				111ECA022FBD47A100272C1E /* CaptureFlowModel.swift */,
				111ECA042FBD47A100272C1E /* LiveSampleObserver.swift */,
				111ECA062FBD47A100272C1E /* ARPreviewView.swift */,
				111ECA0B2FBD47A100272C1E /* PhotoLibrarySaver.swift */,
				112B11D02FCE000000272C1E /* AppRoot.swift */,
				11AB00222FF3000000272C1E /* GlucoseWidgetPublisher.swift */,
				113B22B02FD0000000272C1E /* LiveIndicatorBadge.swift */,
				113B22F52FD0000000272C1E /* TiltBubbleGuide.swift */,
				113B22B32FD0000000272C1E /* ShutterButton.swift */,
				113B22C12FD0000000272C1E /* MedataLoadingSymbol.swift */,
				118B44A22FF0000000272C1E /* GlucoseImportModel.swift */,
				118B44A32FF0000000272C1E /* GlucoseImportView.swift */,
				11CC66A43000000000272C1E /* GlucoseConnectionsModel.swift */,
				11CC66A53000000000272C1E /* GlucoseConnectionsView.swift */,
				11AB55B02FF1000000272C1E /* InsulinDoseModel.swift */,
				11AB55B12FF1000000272C1E /* InsulinDoseSheet.swift */,
				11ED00022FF2000000272C1E /* MeDataWidgets */,
				113B22B52FD0000000272C1E /* ActiveRefusal.swift */,
				115DA0B02FD1000000272C1E /* TelemetryCapsule.swift */,
				115DA0B12FD1000000272C1E /* MedataBubbleLevel.swift */,
				115DA0B22FD1000000272C1E /* CaptureErrorOverlay.swift */,
				115DA0B32FD1000000272C1E /* LidarForkSheetView.swift */,
				115DA0B52FD1000000272C1E /* MaskOverlayLoader.swift */,
				11AA0002300000000272C1E0 /* MealReviewModel.swift */,
				11AA0004300000000272C1E0 /* MealReviewView.swift */,
				115DA0B82FD1000000272C1E /* MealOverviewView.swift */,
				115DA0B92FD1000000272C1E /* TrendsView.swift */,
				115DA0BA2FD1000000272C1E /* TrendsModel.swift */,
				115DA0BB2FD1000000272C1E /* TrendsOptionsSheet.swift */,
				115DA0BC2FD1000000272C1E /* AboutView.swift */,
				112B11D22FCE000000272C1E /* ConfidencePill.swift */,
				112B11D32FCE000000272C1E /* MealHistoryModel.swift */,
				114CD0B02FE2000000272C1E /* VisionCardDetector.swift */,
				114CD0B12FE2000000272C1E /* PreShutterSegmenter.swift */,
				2D6A2BF8949732DE5C4C4089 /* MealRouting.swift */,
				68641EF200BD7F7B3A7AE95E /* RecordsModel.swift */,
				722B5F27B4E145068AD9A2A7 /* HomeGlucoseModel.swift */,
				82F6A4CFDEE7703E11D0B655 /* RecordsView.swift */,
				7A31C0DE5E10A4B29F44E101 /* EstimationLogView.swift */,
				7A31C0DE5E10A4B29F44E103 /* BenchmarkView.swift */,
				39FA70734182528B1ECAEDD1 /* HomeView.swift */,
				0851614006E459D54779E1B6 /* IntakeView.swift */,
				85695F786A184CFFA741C58F /* CarbEntryModel.swift */,
				469D6F69D437403394586C88 /* CarbEntrySheet.swift */,
				7D626798E72C409F8A84C099 /* QuickPresetEditSheet.swift */,
				5C4F7BBEE94C40D984FAA06D /* IntakeModel.swift */,
				111EC90E2FBD327D00272C1E /* MeData */,
				111EC90D2FBD327D00272C1E /* Products */,
			);
			sourceTree = "<group>";
		};
		111EC90D2FBD327D00272C1E /* Products */ = {
			isa = PBXGroup;
			children = (
				111EC90C2FBD327D00272C1E /* MeData.app */,
				11ED00012FF2000000272C1E /* MeDataWidgets.appex */,
			);
			name = Products;
			sourceTree = "<group>";
		};
/* End PBXGroup section */

/* Begin PBXNativeTarget section */
		111EC90B2FBD327D00272C1E /* MeData */ = {
			isa = PBXNativeTarget;
			buildConfigurationList = 111EC9172FBD327D00272C1E /* Build configuration list for PBXNativeTarget "MeData" */;
			buildPhases = (
				111EC9082FBD327D00272C1E /* Sources */,
				111EC9092FBD327D00272C1E /* Frameworks */,
				111EC90A2FBD327D00272C1E /* Resources */,
				11ED000D2FF2000000272C1E /* Embed Foundation Extensions */,
			);
			buildRules = (
			);
			dependencies = (
				11ED000C2FF2000000272C1E /* PBXTargetDependency */,
			);
			fileSystemSynchronizedGroups = (
				111EC90E2FBD327D00272C1E /* MeData */,
			);
			name = MeData;
			packageProductDependencies = (
				111EC91D2FBD45B500272C1E /* MedataCore */,
				118B44A52FF0000000272C1E /* GlucoseGraph */,
				11CC66A13000000000272C1E /* GlucoseIngestion */,
				11FE88A32FF4000000272C1E /* LibreLinkUpKit */,
			);
			productName = MeData;
			productReference = 111EC90C2FBD327D00272C1E /* MeData.app */;
			productType = "com.apple.product-type.application";
		};
		11ED00042FF2000000272C1E /* MeDataWidgets */ = {
			isa = PBXNativeTarget;
			buildConfigurationList = 11ED00082FF2000000272C1E /* Build configuration list for PBXNativeTarget "MeDataWidgets" */;
			buildPhases = (
				11ED00052FF2000000272C1E /* Sources */,
				11ED00062FF2000000272C1E /* Frameworks */,
				11ED00072FF2000000272C1E /* Resources */,
			);
			buildRules = (
			);
			dependencies = (
			);
			fileSystemSynchronizedGroups = (
				11ED00022FF2000000272C1E /* MeDataWidgets */,
			);
			name = MeDataWidgets;
			packageProductDependencies = (
				11DD77A12FF3000000272C1E /* GlucoseWidgetShared */,
				11FE88A12FF4000000272C1E /* LibreLinkUpKit */,
			);
			productName = MeDataWidgets;
			productReference = 11ED00012FF2000000272C1E /* MeDataWidgets.appex */;
			productType = "com.apple.product-type.app-extension";
		};
/* End PBXNativeTarget section */

/* Begin PBXProject section */
		111EC9042FBD327D00272C1E /* Project object */ = {
			isa = PBXProject;
			attributes = {
				BuildIndependentTargetsInParallel = 1;
				LastSwiftUpdateCheck = 2650;
				LastUpgradeCheck = 2650;
				TargetAttributes = {
					111EC90B2FBD327D00272C1E = {
						CreatedOnToolsVersion = 26.5;
					};
					11ED00042FF2000000272C1E = {
						CreatedOnToolsVersion = 26.5;
					};
				};
			};
			buildConfigurationList = 111EC9072FBD327D00272C1E /* Build configuration list for PBXProject "MeData" */;
			developmentRegion = en;
			hasScannedForEncodings = 0;
			knownRegions = (
				en,
				Base,
			);
			mainGroup = 111EC9032FBD327D00272C1E;
			minimizedProjectReferenceProxies = 1;
			packageReferences = (
				111EC91A2FBD45B500272C1E /* XCLocalSwiftPackageReference "../../medata" */,
			);
			preferredProjectObjectVersion = 77;
			productRefGroup = 111EC90D2FBD327D00272C1E /* Products */;
			projectDirPath = "";
			projectRoot = "";
			targets = (
				111EC90B2FBD327D00272C1E /* MeData */,
				11ED00042FF2000000272C1E /* MeDataWidgets */,
			);
		};
/* End PBXProject section */

/* Begin PBXResourcesBuildPhase section */
		111EC90A2FBD327D00272C1E /* Resources */ = {
			isa = PBXResourcesBuildPhase;
			buildActionMask = 2147483647;
			files = (
			);
			runOnlyForDeploymentPostprocessing = 0;
		};
		11ED00072FF2000000272C1E /* Resources */ = {
			isa = PBXResourcesBuildPhase;
			buildActionMask = 2147483647;
			files = (
			);
			runOnlyForDeploymentPostprocessing = 0;
		};
/* End PBXResourcesBuildPhase section */

/* Begin PBXContainerItemProxy section */
		11ED000B2FF2000000272C1E /* PBXContainerItemProxy */ = {
			isa = PBXContainerItemProxy;
			containerPortal = 111EC9042FBD327D00272C1E /* Project object */;
			proxyType = 1;
			remoteGlobalIDString = 11ED00042FF2000000272C1E;
			remoteInfo = MeDataWidgets;
		};
/* End PBXContainerItemProxy section */

/* Begin PBXTargetDependency section */
		11ED000C2FF2000000272C1E /* PBXTargetDependency */ = {
			isa = PBXTargetDependency;
			target = 11ED00042FF2000000272C1E /* MeDataWidgets */;
			targetProxy = 11ED000B2FF2000000272C1E /* PBXContainerItemProxy */;
		};
/* End PBXTargetDependency section */

/* Begin PBXSourcesBuildPhase section */
		111EC9082FBD327D00272C1E /* Sources */ = {
			isa = PBXSourcesBuildPhase;
			buildActionMask = 2147483647;
			files = (
				111EC9232FBD47A100272C1E /* App.swift in Sources */,
				111EC9242FBD47A100272C1E /* ResultView.swift in Sources */,
				111EC9252FBD47A100272C1E /* CaptureFlowView.swift in Sources */,
				111EC9262FBD47A100272C1E /* SettingsView.swift in Sources */,
				111EC9272FBD47A100272C1E /* Colors.swift in Sources */,
				111EC9282FBD47A100272C1E /* GatingSnapshot.swift in Sources */,
				111EC9292FBD47A100272C1E /* CaptureState.swift in Sources */,
				111EC92A2FBD47A100272C1E /* SettingsKeys.swift in Sources */,
				111EC92B2FBD47A100272C1E /* LiveIndicatorModel.swift in Sources */,
				111EC92C2FBD47A100272C1E /* ShareSheet.swift in Sources */,
				111ECA012FBD47A100272C1E /* CaptureFlowModel.swift in Sources */,
				111ECA032FBD47A100272C1E /* LiveSampleObserver.swift in Sources */,
				111ECA052FBD47A100272C1E /* ARPreviewView.swift in Sources */,
				111ECA0C2FBD47A100272C1E /* PhotoLibrarySaver.swift in Sources */,
				112B11C02FCE000000272C1E /* AppRoot.swift in Sources */,
				11AB00112FF3000000272C1E /* GlucoseWidgetPublisher.swift in Sources */,
				113B22A02FD0000000272C1E /* LiveIndicatorBadge.swift in Sources */,
				113B22F42FD0000000272C1E /* TiltBubbleGuide.swift in Sources */,
				113B22A32FD0000000272C1E /* ShutterButton.swift in Sources */,
				113B22C02FD0000000272C1E /* MedataLoadingSymbol.swift in Sources */,
				118B44A02FF0000000272C1E /* GlucoseImportModel.swift in Sources */,
				118B44A12FF0000000272C1E /* GlucoseImportView.swift in Sources */,
				11CC66A23000000000272C1E /* GlucoseConnectionsModel.swift in Sources */,
				11CC66A33000000000272C1E /* GlucoseConnectionsView.swift in Sources */,
				11AB55A02FF1000000272C1E /* InsulinDoseModel.swift in Sources */,
				11AB55A12FF1000000272C1E /* InsulinDoseSheet.swift in Sources */,
				113B22A52FD0000000272C1E /* ActiveRefusal.swift in Sources */,
				115DA0A02FD1000000272C1E /* TelemetryCapsule.swift in Sources */,
				115DA0A12FD1000000272C1E /* MedataBubbleLevel.swift in Sources */,
				115DA0A22FD1000000272C1E /* CaptureErrorOverlay.swift in Sources */,
				115DA0A32FD1000000272C1E /* LidarForkSheetView.swift in Sources */,
				115DA0A52FD1000000272C1E /* MaskOverlayLoader.swift in Sources */,
				11AA0001300000000272C1E0 /* MealReviewModel.swift in Sources */,
				11AA0003300000000272C1E0 /* MealReviewView.swift in Sources */,
				115DA0A82FD1000000272C1E /* MealOverviewView.swift in Sources */,
				115DA0A92FD1000000272C1E /* TrendsView.swift in Sources */,
				115DA0AA2FD1000000272C1E /* TrendsModel.swift in Sources */,
				115DA0AB2FD1000000272C1E /* TrendsOptionsSheet.swift in Sources */,
				115DA0AC2FD1000000272C1E /* AboutView.swift in Sources */,
				112B11C22FCE000000272C1E /* ConfidencePill.swift in Sources */,
				112B11C32FCE000000272C1E /* MealHistoryModel.swift in Sources */,
				114CD0A02FE2000000272C1E /* VisionCardDetector.swift in Sources */,
				114CD0A12FE2000000272C1E /* PreShutterSegmenter.swift in Sources */,
				0EAC1E7EAC5832F3CDFC3771 /* MealRouting.swift in Sources */,
				0A738EA6DED7EA8BCCBBAFBF /* RecordsModel.swift in Sources */,
				3525F355B5664563B86C9E6E /* HomeGlucoseModel.swift in Sources */,
				4112908015F7E6A57CB6AC99 /* RecordsView.swift in Sources */,
				7A31C0DE5E10A4B29F44E102 /* EstimationLogView.swift in Sources */,
				7A31C0DE5E10A4B29F44E104 /* BenchmarkView.swift in Sources */,
				B66AE5539A5F478E793B981F /* HomeView.swift in Sources */,
				877E65EB15FB2650021F56AB /* IntakeView.swift in Sources */,
				180BF780028C4E409B5B127F /* CarbEntryModel.swift in Sources */,
				59760C101F974CC8B530459B /* CarbEntrySheet.swift in Sources */,
				7FDE038E77DB431B8DC8CA93 /* QuickPresetEditSheet.swift in Sources */,
				4F859171975F4BD78EEA95A3 /* IntakeModel.swift in Sources */,
			);
			runOnlyForDeploymentPostprocessing = 0;
		};
		11ED00052FF2000000272C1E /* Sources */ = {
			isa = PBXSourcesBuildPhase;
			buildActionMask = 2147483647;
			files = (
			);
			runOnlyForDeploymentPostprocessing = 0;
		};
/* End PBXSourcesBuildPhase section */

/* Begin XCBuildConfiguration section */
		111EC9152FBD327D00272C1E /* Debug */ = {
			isa = XCBuildConfiguration;
			buildSettings = {
				ALWAYS_SEARCH_USER_PATHS = NO;
				ASSETCATALOG_COMPILER_GENERATE_SWIFT_ASSET_SYMBOL_EXTENSIONS = YES;
				CLANG_ANALYZER_NONNULL = YES;
				CLANG_ANALYZER_NUMBER_OBJECT_CONVERSION = YES_AGGRESSIVE;
				CLANG_CXX_LANGUAGE_STANDARD = "gnu++20";
				CLANG_ENABLE_MODULES = YES;
				CLANG_ENABLE_OBJC_ARC = YES;
				CLANG_ENABLE_OBJC_WEAK = YES;
				CLANG_WARN_BLOCK_CAPTURE_AUTORELEASING = YES;
				CLANG_WARN_BOOL_CONVERSION = YES;
				CLANG_WARN_COMMA = YES;
				CLANG_WARN_CONSTANT_CONVERSION = YES;
				CLANG_WARN_DEPRECATED_OBJC_IMPLEMENTATIONS = YES;
				CLANG_WARN_DIRECT_OBJC_ISA_USAGE = YES_ERROR;
				CLANG_WARN_DOCUMENTATION_COMMENTS = YES;
				CLANG_WARN_EMPTY_BODY = YES;
				CLANG_WARN_ENUM_CONVERSION = YES;
				CLANG_WARN_INFINITE_RECURSION = YES;
				CLANG_WARN_INT_CONVERSION = YES;
				CLANG_WARN_NON_LITERAL_NULL_CONVERSION = YES;
				CLANG_WARN_OBJC_IMPLICIT_RETAIN_SELF = YES;
				CLANG_WARN_OBJC_LITERAL_CONVERSION = YES;
				CLANG_WARN_OBJC_ROOT_CLASS = YES_ERROR;
				CLANG_WARN_QUOTED_INCLUDE_IN_FRAMEWORK_HEADER = YES;
				CLANG_WARN_RANGE_LOOP_ANALYSIS = YES;
				CLANG_WARN_STRICT_PROTOTYPES = YES;
				CLANG_WARN_SUSPICIOUS_MOVE = YES;
				CLANG_WARN_UNGUARDED_AVAILABILITY = YES_AGGRESSIVE;
				CLANG_WARN_UNREACHABLE_CODE = YES;
				CLANG_WARN__DUPLICATE_METHOD_MATCH = YES;
				COPY_PHASE_STRIP = NO;
				DEBUG_INFORMATION_FORMAT = dwarf;
				ENABLE_STRICT_OBJC_MSGSEND = YES;
				ENABLE_TESTABILITY = YES;
				ENABLE_USER_SCRIPT_SANDBOXING = YES;
				GCC_C_LANGUAGE_STANDARD = gnu17;
				GCC_DYNAMIC_NO_PIC = NO;
				GCC_NO_COMMON_BLOCKS = YES;
				GCC_OPTIMIZATION_LEVEL = 0;
				GCC_PREPROCESSOR_DEFINITIONS = (
					"DEBUG=1",
					"$(inherited)",
				);
				GCC_WARN_64_TO_32_BIT_CONVERSION = YES;
				GCC_WARN_ABOUT_RETURN_TYPE = YES_ERROR;
				GCC_WARN_UNDECLARED_SELECTOR = YES;
				GCC_WARN_UNINITIALIZED_AUTOS = YES_AGGRESSIVE;
				GCC_WARN_UNUSED_FUNCTION = YES;
				GCC_WARN_UNUSED_VARIABLE = YES;
				IPHONEOS_DEPLOYMENT_TARGET = 26.5;
				LOCALIZATION_PREFERS_STRING_CATALOGS = YES;
				MTL_ENABLE_DEBUG_INFO = INCLUDE_SOURCE;
				MTL_FAST_MATH = YES;
				ONLY_ACTIVE_ARCH = YES;
				SDKROOT = iphoneos;
				SWIFT_ACTIVE_COMPILATION_CONDITIONS = "DEBUG $(inherited)";
				SWIFT_OPTIMIZATION_LEVEL = "-Onone";
			};
			name = Debug;
		};
		111EC9162FBD327D00272C1E /* Release */ = {
			isa = XCBuildConfiguration;
			buildSettings = {
				ALWAYS_SEARCH_USER_PATHS = NO;
				ASSETCATALOG_COMPILER_GENERATE_SWIFT_ASSET_SYMBOL_EXTENSIONS = YES;
				CLANG_ANALYZER_NONNULL = YES;
				CLANG_ANALYZER_NUMBER_OBJECT_CONVERSION = YES_AGGRESSIVE;
				CLANG_CXX_LANGUAGE_STANDARD = "gnu++20";
				CLANG_ENABLE_MODULES = YES;
				CLANG_ENABLE_OBJC_ARC = YES;
				CLANG_ENABLE_OBJC_WEAK = YES;
				CLANG_WARN_BLOCK_CAPTURE_AUTORELEASING = YES;
				CLANG_WARN_BOOL_CONVERSION = YES;
				CLANG_WARN_COMMA = YES;
				CLANG_WARN_CONSTANT_CONVERSION = YES;
				CLANG_WARN_DEPRECATED_OBJC_IMPLEMENTATIONS = YES;
				CLANG_WARN_DIRECT_OBJC_ISA_USAGE = YES_ERROR;
				CLANG_WARN_DOCUMENTATION_COMMENTS = YES;
				CLANG_WARN_EMPTY_BODY = YES;
				CLANG_WARN_ENUM_CONVERSION = YES;
				CLANG_WARN_INFINITE_RECURSION = YES;
				CLANG_WARN_INT_CONVERSION = YES;
				CLANG_WARN_NON_LITERAL_NULL_CONVERSION = YES;
				CLANG_WARN_OBJC_IMPLICIT_RETAIN_SELF = YES;
				CLANG_WARN_OBJC_LITERAL_CONVERSION = YES;
				CLANG_WARN_OBJC_ROOT_CLASS = YES_ERROR;
				CLANG_WARN_QUOTED_INCLUDE_IN_FRAMEWORK_HEADER = YES;
				CLANG_WARN_RANGE_LOOP_ANALYSIS = YES;
				CLANG_WARN_STRICT_PROTOTYPES = YES;
				CLANG_WARN_SUSPICIOUS_MOVE = YES;
				CLANG_WARN_UNGUARDED_AVAILABILITY = YES_AGGRESSIVE;
				CLANG_WARN_UNREACHABLE_CODE = YES;
				CLANG_WARN__DUPLICATE_METHOD_MATCH = YES;
				COPY_PHASE_STRIP = NO;
				DEBUG_INFORMATION_FORMAT = "dwarf-with-dsym";
				ENABLE_NS_ASSERTIONS = NO;
				ENABLE_STRICT_OBJC_MSGSEND = YES;
				ENABLE_USER_SCRIPT_SANDBOXING = YES;
				GCC_C_LANGUAGE_STANDARD = gnu17;
				GCC_NO_COMMON_BLOCKS = YES;
				GCC_WARN_64_TO_32_BIT_CONVERSION = YES;
				GCC_WARN_ABOUT_RETURN_TYPE = YES_ERROR;
				GCC_WARN_UNDECLARED_SELECTOR = YES;
				GCC_WARN_UNINITIALIZED_AUTOS = YES_AGGRESSIVE;
				GCC_WARN_UNUSED_FUNCTION = YES;
				GCC_WARN_UNUSED_VARIABLE = YES;
				IPHONEOS_DEPLOYMENT_TARGET = 26.5;
				LOCALIZATION_PREFERS_STRING_CATALOGS = YES;
				MTL_ENABLE_DEBUG_INFO = NO;
				MTL_FAST_MATH = YES;
				SDKROOT = iphoneos;
				SWIFT_COMPILATION_MODE = wholemodule;
				VALIDATE_PRODUCT = YES;
			};
			name = Release;
		};
		111EC9182FBD327D00272C1E /* Debug */ = {
			isa = XCBuildConfiguration;
			buildSettings = {
				ASSETCATALOG_COMPILER_APPICON_NAME = AppIcon;
				ASSETCATALOG_COMPILER_GLOBAL_ACCENT_COLOR_NAME = AccentColor;
				CODE_SIGN_ENTITLEMENTS = MeData.entitlements;
				CODE_SIGN_STYLE = Automatic;
				CURRENT_PROJECT_VERSION = 1;
				DEVELOPMENT_TEAM = 6G974YC4Z2;
				ENABLE_PREVIEWS = YES;
				GENERATE_INFOPLIST_FILE = YES;
				INFOPLIST_FILE = Info.plist;
				INFOPLIST_KEY_LSApplicationCategoryType = "public.app-category.medical";
				INFOPLIST_KEY_NSCameraUsageDescription = "MeData uses the camera to capture a photo of your meal so it can estimate the carbohydrates on your plate.";
				INFOPLIST_KEY_NSHealthShareUsageDescription = "MeData reads blood glucose from Health so readings appear in the graph and records.";
				INFOPLIST_KEY_NSMotionUsageDescription = "MeData uses motion data to show how level the camera is while you capture your meal.";
				INFOPLIST_KEY_NSPhotoLibraryAddUsageDescription = "MeData saves a copy of your meal photo to your Photos library, so the picture stays under your control alongside the carbohydrate estimate.";
				INFOPLIST_KEY_NSPhotoLibraryUsageDescription = "MeData reads thumbnails of your captured meal photos to show them in your meal history.";
				INFOPLIST_KEY_UIApplicationSceneManifest_Generation = YES;
				INFOPLIST_KEY_UIApplicationSupportsIndirectInputEvents = YES;
				INFOPLIST_KEY_UILaunchScreen_Generation = YES;
				INFOPLIST_KEY_UIStatusBarStyle = "";
				INFOPLIST_KEY_UISupportedInterfaceOrientations_iPad = "UIInterfaceOrientationPortrait UIInterfaceOrientationPortraitUpsideDown";
				INFOPLIST_KEY_UISupportedInterfaceOrientations_iPhone = UIInterfaceOrientationPortrait;
				LD_RUNPATH_SEARCH_PATHS = (
					"$(inherited)",
					"@executable_path/Frameworks",
				);
				MARKETING_VERSION = 1.0;
				PRODUCT_BUNDLE_IDENTIFIER = rtob.MeData;
				PRODUCT_NAME = "$(TARGET_NAME)";
				STRING_CATALOG_GENERATE_SYMBOLS = YES;
				SWIFT_APPROACHABLE_CONCURRENCY = YES;
				SWIFT_DEFAULT_ACTOR_ISOLATION = MainActor;
				SWIFT_EMIT_LOC_STRINGS = YES;
				SWIFT_UPCOMING_FEATURE_MEMBER_IMPORT_VISIBILITY = YES;
				SWIFT_VERSION = 5.0;
				TARGETED_DEVICE_FAMILY = "1";
			};
			name = Debug;
		};
		111EC9192FBD327D00272C1E /* Release */ = {
			isa = XCBuildConfiguration;
			buildSettings = {
				ASSETCATALOG_COMPILER_APPICON_NAME = AppIcon;
				ASSETCATALOG_COMPILER_GLOBAL_ACCENT_COLOR_NAME = AccentColor;
				CODE_SIGN_ENTITLEMENTS = MeData.entitlements;
				CODE_SIGN_STYLE = Automatic;
				CURRENT_PROJECT_VERSION = 1;
				DEVELOPMENT_TEAM = 6G974YC4Z2;
				ENABLE_PREVIEWS = YES;
				GENERATE_INFOPLIST_FILE = YES;
				INFOPLIST_FILE = Info.plist;
				INFOPLIST_KEY_LSApplicationCategoryType = "public.app-category.medical";
				INFOPLIST_KEY_NSCameraUsageDescription = "MeData uses the camera to capture a photo of your meal so it can estimate the carbohydrates on your plate.";
				INFOPLIST_KEY_NSHealthShareUsageDescription = "MeData reads blood glucose from Health so readings appear in the graph and records.";
				INFOPLIST_KEY_NSMotionUsageDescription = "MeData uses motion data to show how level the camera is while you capture your meal.";
				INFOPLIST_KEY_NSPhotoLibraryAddUsageDescription = "MeData saves a copy of your meal photo to your Photos library, so the picture stays under your control alongside the carbohydrate estimate.";
				INFOPLIST_KEY_NSPhotoLibraryUsageDescription = "MeData reads thumbnails of your captured meal photos to show them in your meal history.";
				INFOPLIST_KEY_UIApplicationSceneManifest_Generation = YES;
				INFOPLIST_KEY_UIApplicationSupportsIndirectInputEvents = YES;
				INFOPLIST_KEY_UILaunchScreen_Generation = YES;
				INFOPLIST_KEY_UIStatusBarStyle = "";
				INFOPLIST_KEY_UISupportedInterfaceOrientations_iPad = "UIInterfaceOrientationPortrait UIInterfaceOrientationPortraitUpsideDown";
				INFOPLIST_KEY_UISupportedInterfaceOrientations_iPhone = UIInterfaceOrientationPortrait;
				LD_RUNPATH_SEARCH_PATHS = (
					"$(inherited)",
					"@executable_path/Frameworks",
				);
				MARKETING_VERSION = 1.0;
				PRODUCT_BUNDLE_IDENTIFIER = rtob.MeData;
				PRODUCT_NAME = "$(TARGET_NAME)";
				STRING_CATALOG_GENERATE_SYMBOLS = YES;
				SWIFT_APPROACHABLE_CONCURRENCY = YES;
				SWIFT_DEFAULT_ACTOR_ISOLATION = MainActor;
				SWIFT_EMIT_LOC_STRINGS = YES;
				SWIFT_UPCOMING_FEATURE_MEMBER_IMPORT_VISIBILITY = YES;
				SWIFT_VERSION = 5.0;
				TARGETED_DEVICE_FAMILY = "1";
			};
			name = Release;
		};
		11ED00092FF2000000272C1E /* Debug */ = {
			isa = XCBuildConfiguration;
			buildSettings = {
				CODE_SIGN_ENTITLEMENTS = MeDataWidgets/MeDataWidgets.entitlements;
				CODE_SIGN_STYLE = Automatic;
				CURRENT_PROJECT_VERSION = 1;
				DEVELOPMENT_TEAM = 6G974YC4Z2;
				GENERATE_INFOPLIST_FILE = YES;
				INFOPLIST_FILE = MeDataWidgets/Info.plist;
				INFOPLIST_KEY_CFBundleDisplayName = MeData;
				IPHONEOS_DEPLOYMENT_TARGET = 26.5;
				LD_RUNPATH_SEARCH_PATHS = (
					"$(inherited)",
					"@executable_path/Frameworks",
					"@executable_path/../../Frameworks",
				);
				MARKETING_VERSION = 1.0;
				PRODUCT_BUNDLE_IDENTIFIER = rtob.MeData.MeDataWidgets;
				PRODUCT_NAME = "$(TARGET_NAME)";
				SKIP_INSTALL = YES;
				SWIFT_APPROACHABLE_CONCURRENCY = YES;
				SWIFT_DEFAULT_ACTOR_ISOLATION = MainActor;
				SWIFT_EMIT_LOC_STRINGS = YES;
				SWIFT_VERSION = 5.0;
				TARGETED_DEVICE_FAMILY = "1";
			};
			name = Debug;
		};
		11ED000A2FF2000000272C1E /* Release */ = {
			isa = XCBuildConfiguration;
			buildSettings = {
				CODE_SIGN_ENTITLEMENTS = MeDataWidgets/MeDataWidgets.entitlements;
				CODE_SIGN_STYLE = Automatic;
				CURRENT_PROJECT_VERSION = 1;
				DEVELOPMENT_TEAM = 6G974YC4Z2;
				GENERATE_INFOPLIST_FILE = YES;
				INFOPLIST_FILE = MeDataWidgets/Info.plist;
				INFOPLIST_KEY_CFBundleDisplayName = MeData;
				IPHONEOS_DEPLOYMENT_TARGET = 26.5;
				LD_RUNPATH_SEARCH_PATHS = (
					"$(inherited)",
					"@executable_path/Frameworks",
					"@executable_path/../../Frameworks",
				);
				MARKETING_VERSION = 1.0;
				PRODUCT_BUNDLE_IDENTIFIER = rtob.MeData.MeDataWidgets;
				PRODUCT_NAME = "$(TARGET_NAME)";
				SKIP_INSTALL = YES;
				SWIFT_APPROACHABLE_CONCURRENCY = YES;
				SWIFT_DEFAULT_ACTOR_ISOLATION = MainActor;
				SWIFT_EMIT_LOC_STRINGS = YES;
				SWIFT_VERSION = 5.0;
				TARGETED_DEVICE_FAMILY = "1";
			};
			name = Release;
		};
/* End XCBuildConfiguration section */

/* Begin XCConfigurationList section */
		111EC9072FBD327D00272C1E /* Build configuration list for PBXProject "MeData" */ = {
			isa = XCConfigurationList;
			buildConfigurations = (
				111EC9152FBD327D00272C1E /* Debug */,
				111EC9162FBD327D00272C1E /* Release */,
			);
			defaultConfigurationIsVisible = 0;
			defaultConfigurationName = Release;
		};
		111EC9172FBD327D00272C1E /* Build configuration list for PBXNativeTarget "MeData" */ = {
			isa = XCConfigurationList;
			buildConfigurations = (
				111EC9182FBD327D00272C1E /* Debug */,
				111EC9192FBD327D00272C1E /* Release */,
			);
			defaultConfigurationIsVisible = 0;
			defaultConfigurationName = Release;
		};
		11ED00082FF2000000272C1E /* Build configuration list for PBXNativeTarget "MeDataWidgets" */ = {
			isa = XCConfigurationList;
			buildConfigurations = (
				11ED00092FF2000000272C1E /* Debug */,
				11ED000A2FF2000000272C1E /* Release */,
			);
			defaultConfigurationIsVisible = 0;
			defaultConfigurationName = Release;
		};
/* End XCConfigurationList section */

/* Begin XCLocalSwiftPackageReference section */
		111EC91A2FBD45B500272C1E /* XCLocalSwiftPackageReference "../../medata" */ = {
			isa = XCLocalSwiftPackageReference;
			relativePath = ..;
		};
/* End XCLocalSwiftPackageReference section */

/* Begin XCSwiftPackageProductDependency section */
		111EC91D2FBD45B500272C1E /* MedataCore */ = {
			isa = XCSwiftPackageProductDependency;
			productName = MedataCore;
		};
		118B44A52FF0000000272C1E /* GlucoseGraph */ = {
			isa = XCSwiftPackageProductDependency;
			productName = GlucoseGraph;
		};
		11CC66A13000000000272C1E /* GlucoseIngestion */ = {
			isa = XCSwiftPackageProductDependency;
			productName = GlucoseIngestion;
		};
		11DD77A12FF3000000272C1E /* GlucoseWidgetShared */ = {
			isa = XCSwiftPackageProductDependency;
			productName = GlucoseWidgetShared;
		};
		11FE88A12FF4000000272C1E /* LibreLinkUpKit */ = {
			isa = XCSwiftPackageProductDependency;
			productName = LibreLinkUpKit;
		};
		11FE88A32FF4000000272C1E /* LibreLinkUpKit */ = {
			isa = XCSwiftPackageProductDependency;
			productName = LibreLinkUpKit;
		};
/* End XCSwiftPackageProductDependency section */
	};
	rootObject = 111EC9042FBD327D00272C1E /* Project object */;
}
