// !$*UTF8*$!
{
	archiveVersion = 1;
	classes = {
	};
	objectVersion = 77;
	objects = {

/* Begin PBXBuildFile section */
		111EC91E2FBD45B500272C1E /* MedataCore in Frameworks */ = {isa = PBXBuildFile; productRef = 111EC91D2FBD45B500272C1E /* MedataCore */; };
		111EC9232FBD47A100272C1E /* App.swift in Sources */ = {isa = PBXBuildFile; fileRef = 111EC91F2FBD47A100272C1E /* App.swift */; };
		111EC9242FBD47A100272C1E /* ResultView.swift in Sources */ = {isa = PBXBuildFile; fileRef = 111EC9212FBD47A100272C1E /* ResultView.swift */; };
		111EC9252FBD47A100272C1E /* CaptureFlowView.swift in Sources */ = {isa = PBXBuildFile; fileRef = 111EC9202FBD47A100272C1E /* CaptureFlowView.swift */; };
		111EC9262FBD47A100272C1E /* SettingsView.swift in Sources */ = {isa = PBXBuildFile; fileRef = 111EC9222FBD47A100272C1E /* SettingsView.swift */; };
		111EC9272FBD47A100272C1E /* Colors.swift in Sources */ = {isa = PBXBuildFile; fileRef = 111EC92D2FBD47A100272C1E /* Colors.swift */; };
		111EC9282FBD47A100272C1E /* GatingSnapshot.swift in Sources */ = {isa = PBXBuildFile; fileRef = 111EC92E2FBD47A100272C1E /* GatingSnapshot.swift */; };
		111EC9292FBD47A100272C1E /* CaptureState.swift in Sources */ = {isa = PBXBuildFile; fileRef = 111EC92F2FBD47A100272C1E /* CaptureState.swift */; };
		111EC92A2FBD47A100272C1E /* SettingsKeys.swift in Sources */ = {isa = PBXBuildFile; fileRef = 111EC9302FBD47A100272C1E /* SettingsKeys.swift */; };
		111EC92B2FBD47A100272C1E /* LiveIndicatorModel.swift in Sources */ = {isa = PBXBuildFile; fileRef = 111EC9312FBD47A100272C1E /* LiveIndicatorModel.swift */; };
		111EC92C2FBD47A100272C1E /* ShareSheet.swift in Sources */ = {isa = PBXBuildFile; fileRef = 111EC9322FBD47A100272C1E /* ShareSheet.swift */; };
		111ECA012FBD47A100272C1E /* CaptureFlowModel.swift in Sources */ = {isa = PBXBuildFile; fileRef = 111ECA022FBD47A100272C1E /* CaptureFlowModel.swift */; };
		111ECA032FBD47A100272C1E /* LiveSampleObserver.swift in Sources */ = {isa = PBXBuildFile; fileRef = 111ECA042FBD47A100272C1E /* LiveSampleObserver.swift */; };
		111ECA052FBD47A100272C1E /* ARPreviewView.swift in Sources */ = {isa = PBXBuildFile; fileRef = 111ECA062FBD47A100272C1E /* ARPreviewView.swift */; };
		111ECA0C2FBD47A100272C1E /* PhotoLibrarySaver.swift in Sources */ = {isa = PBXBuildFile; fileRef = 111ECA0B2FBD47A100272C1E /* PhotoLibrarySaver.swift */; };
		112B11C02FCE000000272C1E /* AppRoot.swift in Sources */ = {isa = PBXBuildFile; fileRef = 112B11D02FCE000000272C1E /* AppRoot.swift */; };
		113B22A02FD0000000272C1E /* LiveIndicatorBadge.swift in Sources */ = {isa = PBXBuildFile; fileRef = 113B22B02FD0000000272C1E /* LiveIndicatorBadge.swift */; };
		113B22A12FD0000000272C1E /* CaptureTopBar.swift in Sources */ = {isa = PBXBuildFile; fileRef = 113B22B12FD0000000272C1E /* CaptureTopBar.swift */; };
		113B22A22FD0000000272C1E /* CaptureModeToggle.swift in Sources */ = {isa = PBXBuildFile; fileRef = 113B22B22FD0000000272C1E /* CaptureModeToggle.swift */; };
		113B22A32FD0000000272C1E /* ShutterButton.swift in Sources */ = {isa = PBXBuildFile; fileRef = 113B22B32FD0000000272C1E /* ShutterButton.swift */; };
		113B22A42FD0000000272C1E /* RefusalSheet.swift in Sources */ = {isa = PBXBuildFile; fileRef = 113B22B42FD0000000272C1E /* RefusalSheet.swift */; };
		113B22A52FD0000000272C1E /* ActiveRefusal.swift in Sources */ = {isa = PBXBuildFile; fileRef = 113B22B52FD0000000272C1E /* ActiveRefusal.swift */; };
		112B11C12FCE000000272C1E /* AppTab.swift in Sources */ = {isa = PBXBuildFile; fileRef = 112B11D12FCE000000272C1E /* AppTab.swift */; };
		112B11C22FCE000000272C1E /* ConfidencePill.swift in Sources */ = {isa = PBXBuildFile; fileRef = 112B11D22FCE000000272C1E /* ConfidencePill.swift */; };
		112B11C32FCE000000272C1E /* MealHistoryModel.swift in Sources */ = {isa = PBXBuildFile; fileRef = 112B11D32FCE000000272C1E /* MealHistoryModel.swift */; };
		112B11C42FCE000000272C1E /* MealRow.swift in Sources */ = {isa = PBXBuildFile; fileRef = 112B11D42FCE000000272C1E /* MealRow.swift */; };
		112B11C52FCE000000272C1E /* MealsTabView.swift in Sources */ = {isa = PBXBuildFile; fileRef = 112B11D52FCE000000272C1E /* MealsTabView.swift */; };
		114CD0A02FE2000000272C1E /* VisionCardDetector.swift in Sources */ = {isa = PBXBuildFile; fileRef = 114CD0B02FE2000000272C1E /* VisionCardDetector.swift */; };
		114CD0A12FE2000000272C1E /* PreShutterSegmenter.swift in Sources */ = {isa = PBXBuildFile; fileRef = 114CD0B12FE2000000272C1E /* PreShutterSegmenter.swift */; };
/* End PBXBuildFile section */

/* Begin PBXFileReference section */
		111EC90C2FBD327D00272C1E /* MeData.app */ = {isa = PBXFileReference; explicitFileType = wrapper.application; includeInIndex = 0; path = MeData.app; sourceTree = BUILT_PRODUCTS_DIR; };
		111EC91F2FBD47A100272C1E /* App.swift */ = {isa = PBXFileReference; lastKnownFileType = sourcecode.swift; name = App.swift; path = ../App/App.swift; sourceTree = SOURCE_ROOT; };
		111EC9202FBD47A100272C1E /* CaptureFlowView.swift */ = {isa = PBXFileReference; lastKnownFileType = sourcecode.swift; name = CaptureFlowView.swift; path = ../App/CaptureFlowView.swift; sourceTree = SOURCE_ROOT; };
		111EC9212FBD47A100272C1E /* ResultView.swift */ = {isa = PBXFileReference; lastKnownFileType = sourcecode.swift; name = ResultView.swift; path = ../App/ResultView.swift; sourceTree = SOURCE_ROOT; };
		111EC9222FBD47A100272C1E /* SettingsView.swift */ = {isa = PBXFileReference; lastKnownFileType = sourcecode.swift; name = SettingsView.swift; path = ../App/SettingsView.swift; sourceTree = SOURCE_ROOT; };
		111EC92D2FBD47A100272C1E /* Colors.swift */ = {isa = PBXFileReference; lastKnownFileType = sourcecode.swift; name = Colors.swift; path = ../App/Colors.swift; sourceTree = SOURCE_ROOT; };
		111EC92E2FBD47A100272C1E /* GatingSnapshot.swift */ = {isa = PBXFileReference; lastKnownFileType = sourcecode.swift; name = GatingSnapshot.swift; path = ../App/GatingSnapshot.swift; sourceTree = SOURCE_ROOT; };
		111EC92F2FBD47A100272C1E /* CaptureState.swift */ = {isa = PBXFileReference; lastKnownFileType = sourcecode.swift; name = CaptureState.swift; path = ../App/CaptureState.swift; sourceTree = SOURCE_ROOT; };
		111EC9302FBD47A100272C1E /* SettingsKeys.swift */ = {isa = PBXFileReference; lastKnownFileType = sourcecode.swift; name = SettingsKeys.swift; path = ../App/SettingsKeys.swift; sourceTree = SOURCE_ROOT; };
		111EC9312FBD47A100272C1E /* LiveIndicatorModel.swift */ = {isa = PBXFileReference; lastKnownFileType = sourcecode.swift; name = LiveIndicatorModel.swift; path = ../App/LiveIndicatorModel.swift; sourceTree = SOURCE_ROOT; };
		111EC9322FBD47A100272C1E /* ShareSheet.swift */ = {isa = PBXFileReference; lastKnownFileType = sourcecode.swift; name = ShareSheet.swift; path = ../App/ShareSheet.swift; sourceTree = SOURCE_ROOT; };
		111ECA022FBD47A100272C1E /* CaptureFlowModel.swift */ = {isa = PBXFileReference; lastKnownFileType = sourcecode.swift; name = CaptureFlowModel.swift; path = ../App/CaptureFlowModel.swift; sourceTree = SOURCE_ROOT; };
		111ECA042FBD47A100272C1E /* LiveSampleObserver.swift */ = {isa = PBXFileReference; lastKnownFileType = sourcecode.swift; name = LiveSampleObserver.swift; path = ../App/LiveSampleObserver.swift; sourceTree = SOURCE_ROOT; };
		111ECA062FBD47A100272C1E /* ARPreviewView.swift */ = {isa = PBXFileReference; lastKnownFileType = sourcecode.swift; name = ARPreviewView.swift; path = ../App/ARPreviewView.swift; sourceTree = SOURCE_ROOT; };
		111ECA0B2FBD47A100272C1E /* PhotoLibrarySaver.swift */ = {isa = PBXFileReference; lastKnownFileType = sourcecode.swift; name = PhotoLibrarySaver.swift; path = ../App/PhotoLibrarySaver.swift; sourceTree = SOURCE_ROOT; };
		112B11D02FCE000000272C1E /* AppRoot.swift */ = {isa = PBXFileReference; lastKnownFileType = sourcecode.swift; name = AppRoot.swift; path = ../App/AppRoot.swift; sourceTree = SOURCE_ROOT; };
		113B22B02FD0000000272C1E /* LiveIndicatorBadge.swift */ = {isa = PBXFileReference; lastKnownFileType = sourcecode.swift; name = LiveIndicatorBadge.swift; path = ../App/LiveIndicatorBadge.swift; sourceTree = SOURCE_ROOT; };
		113B22B12FD0000000272C1E /* CaptureTopBar.swift */ = {isa = PBXFileReference; lastKnownFileType = sourcecode.swift; name = CaptureTopBar.swift; path = ../App/CaptureTopBar.swift; sourceTree = SOURCE_ROOT; };
		113B22B22FD0000000272C1E /* CaptureModeToggle.swift */ = {isa = PBXFileReference; lastKnownFileType = sourcecode.swift; name = CaptureModeToggle.swift; path = ../App/CaptureModeToggle.swift; sourceTree = SOURCE_ROOT; };
		113B22B32FD0000000272C1E /* ShutterButton.swift */ = {isa = PBXFileReference; lastKnownFileType = sourcecode.swift; name = ShutterButton.swift; path = ../App/ShutterButton.swift; sourceTree = SOURCE_ROOT; };
		113B22B42FD0000000272C1E /* RefusalSheet.swift */ = {isa = PBXFileReference; lastKnownFileType = sourcecode.swift; name = RefusalSheet.swift; path = ../App/RefusalSheet.swift; sourceTree = SOURCE_ROOT; };
		113B22B52FD0000000272C1E /* ActiveRefusal.swift */ = {isa = PBXFileReference; lastKnownFileType = sourcecode.swift; name = ActiveRefusal.swift; path = ../App/ActiveRefusal.swift; sourceTree = SOURCE_ROOT; };
		112B11D12FCE000000272C1E /* AppTab.swift */ = {isa = PBXFileReference; lastKnownFileType = sourcecode.swift; name = AppTab.swift; path = ../App/AppTab.swift; sourceTree = SOURCE_ROOT; };
		112B11D22FCE000000272C1E /* ConfidencePill.swift */ = {isa = PBXFileReference; lastKnownFileType = sourcecode.swift; name = ConfidencePill.swift; path = ../App/ConfidencePill.swift; sourceTree = SOURCE_ROOT; };
		112B11D32FCE000000272C1E /* MealHistoryModel.swift */ = {isa = PBXFileReference; lastKnownFileType = sourcecode.swift; name = MealHistoryModel.swift; path = ../App/MealHistoryModel.swift; sourceTree = SOURCE_ROOT; };
		112B11D42FCE000000272C1E /* MealRow.swift */ = {isa = PBXFileReference; lastKnownFileType = sourcecode.swift; name = MealRow.swift; path = ../App/MealRow.swift; sourceTree = SOURCE_ROOT; };
		112B11D52FCE000000272C1E /* MealsTabView.swift */ = {isa = PBXFileReference; lastKnownFileType = sourcecode.swift; name = MealsTabView.swift; path = ../App/MealsTabView.swift; sourceTree = SOURCE_ROOT; };
		114CD0B02FE2000000272C1E /* VisionCardDetector.swift */ = {isa = PBXFileReference; lastKnownFileType = sourcecode.swift; name = VisionCardDetector.swift; path = ../App/VisionCardDetector.swift; sourceTree = SOURCE_ROOT; };
		114CD0B12FE2000000272C1E /* PreShutterSegmenter.swift */ = {isa = PBXFileReference; lastKnownFileType = sourcecode.swift; name = PreShutterSegmenter.swift; path = ../App/PreShutterSegmenter.swift; sourceTree = SOURCE_ROOT; };
/* End PBXFileReference section */

/* Begin PBXFileSystemSynchronizedRootGroup section */
		111EC90E2FBD327D00272C1E /* MeData */ = {
			isa = PBXFileSystemSynchronizedRootGroup;
			path = MeData;
			sourceTree = "<group>";
		};
/* End PBXFileSystemSynchronizedRootGroup section */

/* Begin PBXFrameworksBuildPhase section */
		111EC9092FBD327D00272C1E /* Frameworks */ = {
			isa = PBXFrameworksBuildPhase;
			buildActionMask = 2147483647;
			files = (
				111EC91E2FBD45B500272C1E /* MedataCore in Frameworks */,
			);
			runOnlyForDeploymentPostprocessing = 0;
		};
/* End PBXFrameworksBuildPhase section */

/* Begin PBXGroup section */
		111EC9032FBD327D00272C1E = {
			isa = PBXGroup;
			children = (
				111EC91F2FBD47A100272C1E /* App.swift */,
				111EC9202FBD47A100272C1E /* CaptureFlowView.swift */,
				111EC9212FBD47A100272C1E /* ResultView.swift */,
				111EC9222FBD47A100272C1E /* SettingsView.swift */,
				111EC92D2FBD47A100272C1E /* Colors.swift */,
				111EC92E2FBD47A100272C1E /* GatingSnapshot.swift */,
				111EC92F2FBD47A100272C1E /* CaptureState.swift */,
				111EC9302FBD47A100272C1E /* SettingsKeys.swift */,
				111EC9312FBD47A100272C1E /* LiveIndicatorModel.swift */,
				111EC9322FBD47A100272C1E /* ShareSheet.swift */,
				111ECA022FBD47A100272C1E /* CaptureFlowModel.swift */,
				111ECA042FBD47A100272C1E /* LiveSampleObserver.swift */,
				111ECA062FBD47A100272C1E /* ARPreviewView.swift */,
				111ECA0B2FBD47A100272C1E /* PhotoLibrarySaver.swift */,
				112B11D02FCE000000272C1E /* AppRoot.swift */,
				113B22B02FD0000000272C1E /* LiveIndicatorBadge.swift */,
				113B22B12FD0000000272C1E /* CaptureTopBar.swift */,
				113B22B22FD0000000272C1E /* CaptureModeToggle.swift */,
				113B22B32FD0000000272C1E /* ShutterButton.swift */,
				113B22B42FD0000000272C1E /* RefusalSheet.swift */,
				113B22B52FD0000000272C1E /* ActiveRefusal.swift */,
				112B11D12FCE000000272C1E /* AppTab.swift */,
				112B11D22FCE000000272C1E /* ConfidencePill.swift */,
				112B11D32FCE000000272C1E /* MealHistoryModel.swift */,
				112B11D42FCE000000272C1E /* MealRow.swift */,
				112B11D52FCE000000272C1E /* MealsTabView.swift */,
				114CD0B02FE2000000272C1E /* VisionCardDetector.swift */,
				114CD0B12FE2000000272C1E /* PreShutterSegmenter.swift */,
				111EC90E2FBD327D00272C1E /* MeData */,
				111EC90D2FBD327D00272C1E /* Products */,
			);
			sourceTree = "<group>";
		};
		111EC90D2FBD327D00272C1E /* Products */ = {
			isa = PBXGroup;
			children = (
				111EC90C2FBD327D00272C1E /* MeData.app */,
			);
			name = Products;
			sourceTree = "<group>";
		};
/* End PBXGroup section */

/* Begin PBXNativeTarget section */
		111EC90B2FBD327D00272C1E /* MeData */ = {
			isa = PBXNativeTarget;
			buildConfigurationList = 111EC9172FBD327D00272C1E /* Build configuration list for PBXNativeTarget "MeData" */;
			buildPhases = (
				111EC9082FBD327D00272C1E /* Sources */,
				111EC9092FBD327D00272C1E /* Frameworks */,
				111EC90A2FBD327D00272C1E /* Resources */,
			);
			buildRules = (
			);
			dependencies = (
			);
			fileSystemSynchronizedGroups = (
				111EC90E2FBD327D00272C1E /* MeData */,
			);
			name = MeData;
			packageProductDependencies = (
				111EC91D2FBD45B500272C1E /* MedataCore */,
			);
			productName = MeData;
			productReference = 111EC90C2FBD327D00272C1E /* MeData.app */;
			productType = "com.apple.product-type.application";
		};
/* End PBXNativeTarget section */

/* Begin PBXProject section */
		111EC9042FBD327D00272C1E /* Project object */ = {
			isa = PBXProject;
			attributes = {
				BuildIndependentTargetsInParallel = 1;
				LastSwiftUpdateCheck = 2650;
				LastUpgradeCheck = 2650;
				TargetAttributes = {
					111EC90B2FBD327D00272C1E = {
						CreatedOnToolsVersion = 26.5;
					};
				};
			};
			buildConfigurationList = 111EC9072FBD327D00272C1E /* Build configuration list for PBXProject "MeData" */;
			developmentRegion = en;
			hasScannedForEncodings = 0;
			knownRegions = (
				en,
				Base,
			);
			mainGroup = 111EC9032FBD327D00272C1E;
			minimizedProjectReferenceProxies = 1;
			packageReferences = (
				111EC91A2FBD45B500272C1E /* XCLocalSwiftPackageReference "../../medata" */,
			);
			preferredProjectObjectVersion = 77;
			productRefGroup = 111EC90D2FBD327D00272C1E /* Products */;
			projectDirPath = "";
			projectRoot = "";
			targets = (
				111EC90B2FBD327D00272C1E /* MeData */,
			);
		};
/* End PBXProject section */

/* Begin PBXResourcesBuildPhase section */
		111EC90A2FBD327D00272C1E /* Resources */ = {
			isa = PBXResourcesBuildPhase;
			buildActionMask = 2147483647;
			files = (
			);
			runOnlyForDeploymentPostprocessing = 0;
		};
/* End PBXResourcesBuildPhase section */

/* Begin PBXSourcesBuildPhase section */
		111EC9082FBD327D00272C1E /* Sources */ = {
			isa = PBXSourcesBuildPhase;
			buildActionMask = 2147483647;
			files = (
				111EC9232FBD47A100272C1E /* App.swift in Sources */,
				111EC9242FBD47A100272C1E /* ResultView.swift in Sources */,
				111EC9252FBD47A100272C1E /* CaptureFlowView.swift in Sources */,
				111EC9262FBD47A100272C1E /* SettingsView.swift in Sources */,
				111EC9272FBD47A100272C1E /* Colors.swift in Sources */,
				111EC9282FBD47A100272C1E /* GatingSnapshot.swift in Sources */,
				111EC9292FBD47A100272C1E /* CaptureState.swift in Sources */,
				111EC92A2FBD47A100272C1E /* SettingsKeys.swift in Sources */,
				111EC92B2FBD47A100272C1E /* LiveIndicatorModel.swift in Sources */,
				111EC92C2FBD47A100272C1E /* ShareSheet.swift in Sources */,
				111ECA012FBD47A100272C1E /* CaptureFlowModel.swift in Sources */,
				111ECA032FBD47A100272C1E /* LiveSampleObserver.swift in Sources */,
				111ECA052FBD47A100272C1E /* ARPreviewView.swift in Sources */,
				111ECA0C2FBD47A100272C1E /* PhotoLibrarySaver.swift in Sources */,
				112B11C02FCE000000272C1E /* AppRoot.swift in Sources */,
				113B22A02FD0000000272C1E /* LiveIndicatorBadge.swift in Sources */,
				113B22A12FD0000000272C1E /* CaptureTopBar.swift in Sources */,
				113B22A22FD0000000272C1E /* CaptureModeToggle.swift in Sources */,
				113B22A32FD0000000272C1E /* ShutterButton.swift in Sources */,
				113B22A42FD0000000272C1E /* RefusalSheet.swift in Sources */,
				113B22A52FD0000000272C1E /* ActiveRefusal.swift in Sources */,
				112B11C12FCE000000272C1E /* AppTab.swift in Sources */,
				112B11C22FCE000000272C1E /* ConfidencePill.swift in Sources */,
				112B11C32FCE000000272C1E /* MealHistoryModel.swift in Sources */,
				112B11C42FCE000000272C1E /* MealRow.swift in Sources */,
				112B11C52FCE000000272C1E /* MealsTabView.swift in Sources */,
				114CD0A02FE2000000272C1E /* VisionCardDetector.swift in Sources */,
				114CD0A12FE2000000272C1E /* PreShutterSegmenter.swift in Sources */,
			);
			runOnlyForDeploymentPostprocessing = 0;
		};
/* End PBXSourcesBuildPhase section */

/* Begin XCBuildConfiguration section */
		111EC9152FBD327D00272C1E /* Debug */ = {
			isa = XCBuildConfiguration;
			buildSettings = {
				ALWAYS_SEARCH_USER_PATHS = NO;
				ASSETCATALOG_COMPILER_GENERATE_SWIFT_ASSET_SYMBOL_EXTENSIONS = YES;
				CLANG_ANALYZER_NONNULL = YES;
				CLANG_ANALYZER_NUMBER_OBJECT_CONVERSION = YES_AGGRESSIVE;
				CLANG_CXX_LANGUAGE_STANDARD = "gnu++20";
				CLANG_ENABLE_MODULES = YES;
				CLANG_ENABLE_OBJC_ARC = YES;
				CLANG_ENABLE_OBJC_WEAK = YES;
				CLANG_WARN_BLOCK_CAPTURE_AUTORELEASING = YES;
				CLANG_WARN_BOOL_CONVERSION = YES;
				CLANG_WARN_COMMA = YES;
				CLANG_WARN_CONSTANT_CONVERSION = YES;
				CLANG_WARN_DEPRECATED_OBJC_IMPLEMENTATIONS = YES;
				CLANG_WARN_DIRECT_OBJC_ISA_USAGE = YES_ERROR;
				CLANG_WARN_DOCUMENTATION_COMMENTS = YES;
				CLANG_WARN_EMPTY_BODY = YES;
				CLANG_WARN_ENUM_CONVERSION = YES;
				CLANG_WARN_INFINITE_RECURSION = YES;
				CLANG_WARN_INT_CONVERSION = YES;
				CLANG_WARN_NON_LITERAL_NULL_CONVERSION = YES;
				CLANG_WARN_OBJC_IMPLICIT_RETAIN_SELF = YES;
				CLANG_WARN_OBJC_LITERAL_CONVERSION = YES;
				CLANG_WARN_OBJC_ROOT_CLASS = YES_ERROR;
				CLANG_WARN_QUOTED_INCLUDE_IN_FRAMEWORK_HEADER = YES;
				CLANG_WARN_RANGE_LOOP_ANALYSIS = YES;
				CLANG_WARN_STRICT_PROTOTYPES = YES;
				CLANG_WARN_SUSPICIOUS_MOVE = YES;
				CLANG_WARN_UNGUARDED_AVAILABILITY = YES_AGGRESSIVE;
				CLANG_WARN_UNREACHABLE_CODE = YES;
				CLANG_WARN__DUPLICATE_METHOD_MATCH = YES;
				COPY_PHASE_STRIP = NO;
				DEBUG_INFORMATION_FORMAT = dwarf;
				ENABLE_STRICT_OBJC_MSGSEND = YES;
				ENABLE_TESTABILITY = YES;
				ENABLE_USER_SCRIPT_SANDBOXING = YES;
				GCC_C_LANGUAGE_STANDARD = gnu17;
				GCC_DYNAMIC_NO_PIC = NO;
				GCC_NO_COMMON_BLOCKS = YES;
				GCC_OPTIMIZATION_LEVEL = 0;
				GCC_PREPROCESSOR_DEFINITIONS = (
					"DEBUG=1",
					"$(inherited)",
				);
				GCC_WARN_64_TO_32_BIT_CONVERSION = YES;
				GCC_WARN_ABOUT_RETURN_TYPE = YES_ERROR;
				GCC_WARN_UNDECLARED_SELECTOR = YES;
				GCC_WARN_UNINITIALIZED_AUTOS = YES_AGGRESSIVE;
				GCC_WARN_UNUSED_FUNCTION = YES;
				GCC_WARN_UNUSED_VARIABLE = YES;
				IPHONEOS_DEPLOYMENT_TARGET = 26.5;
				LOCALIZATION_PREFERS_STRING_CATALOGS = YES;
				MTL_ENABLE_DEBUG_INFO = INCLUDE_SOURCE;
				MTL_FAST_MATH = YES;
				ONLY_ACTIVE_ARCH = YES;
				SDKROOT = iphoneos;
				SWIFT_ACTIVE_COMPILATION_CONDITIONS = "DEBUG $(inherited)";
				SWIFT_OPTIMIZATION_LEVEL = "-Onone";
			};
			name = Debug;
		};
		111EC9162FBD327D00272C1E /* Release */ = {
			isa = XCBuildConfiguration;
			buildSettings = {
				ALWAYS_SEARCH_USER_PATHS = NO;
				ASSETCATALOG_COMPILER_GENERATE_SWIFT_ASSET_SYMBOL_EXTENSIONS = YES;
				CLANG_ANALYZER_NONNULL = YES;
				CLANG_ANALYZER_NUMBER_OBJECT_CONVERSION = YES_AGGRESSIVE;
				CLANG_CXX_LANGUAGE_STANDARD = "gnu++20";
				CLANG_ENABLE_MODULES = YES;
				CLANG_ENABLE_OBJC_ARC = YES;
				CLANG_ENABLE_OBJC_WEAK = YES;
				CLANG_WARN_BLOCK_CAPTURE_AUTORELEASING = YES;
				CLANG_WARN_BOOL_CONVERSION = YES;
				CLANG_WARN_COMMA = YES;
				CLANG_WARN_CONSTANT_CONVERSION = YES;
				CLANG_WARN_DEPRECATED_OBJC_IMPLEMENTATIONS = YES;
				CLANG_WARN_DIRECT_OBJC_ISA_USAGE = YES_ERROR;
				CLANG_WARN_DOCUMENTATION_COMMENTS = YES;
				CLANG_WARN_EMPTY_BODY = YES;
				CLANG_WARN_ENUM_CONVERSION = YES;
				CLANG_WARN_INFINITE_RECURSION = YES;
				CLANG_WARN_INT_CONVERSION = YES;
				CLANG_WARN_NON_LITERAL_NULL_CONVERSION = YES;
				CLANG_WARN_OBJC_IMPLICIT_RETAIN_SELF = YES;
				CLANG_WARN_OBJC_LITERAL_CONVERSION = YES;
				CLANG_WARN_OBJC_ROOT_CLASS = YES_ERROR;
				CLANG_WARN_QUOTED_INCLUDE_IN_FRAMEWORK_HEADER = YES;
				CLANG_WARN_RANGE_LOOP_ANALYSIS = YES;
				CLANG_WARN_STRICT_PROTOTYPES = YES;
				CLANG_WARN_SUSPICIOUS_MOVE = YES;
				CLANG_WARN_UNGUARDED_AVAILABILITY = YES_AGGRESSIVE;
				CLANG_WARN_UNREACHABLE_CODE = YES;
				CLANG_WARN__DUPLICATE_METHOD_MATCH = YES;
				COPY_PHASE_STRIP = NO;
				DEBUG_INFORMATION_FORMAT = "dwarf-with-dsym";
				ENABLE_NS_ASSERTIONS = NO;
				ENABLE_STRICT_OBJC_MSGSEND = YES;
				ENABLE_USER_SCRIPT_SANDBOXING = YES;
				GCC_C_LANGUAGE_STANDARD = gnu17;
				GCC_NO_COMMON_BLOCKS = YES;
				GCC_WARN_64_TO_32_BIT_CONVERSION = YES;
				GCC_WARN_ABOUT_RETURN_TYPE = YES_ERROR;
				GCC_WARN_UNDECLARED_SELECTOR = YES;
				GCC_WARN_UNINITIALIZED_AUTOS = YES_AGGRESSIVE;
				GCC_WARN_UNUSED_FUNCTION = YES;
				GCC_WARN_UNUSED_VARIABLE = YES;
				IPHONEOS_DEPLOYMENT_TARGET = 26.5;
				LOCALIZATION_PREFERS_STRING_CATALOGS = YES;
				MTL_ENABLE_DEBUG_INFO = NO;
				MTL_FAST_MATH = YES;
				SDKROOT = iphoneos;
				SWIFT_COMPILATION_MODE = wholemodule;
				VALIDATE_PRODUCT = YES;
			};
			name = Release;
		};
		111EC9182FBD327D00272C1E /* Debug */ = {
			isa = XCBuildConfiguration;
			buildSettings = {
				ASSETCATALOG_COMPILER_APPICON_NAME = AppIcon;
				ASSETCATALOG_COMPILER_GLOBAL_ACCENT_COLOR_NAME = AccentColor;
				CODE_SIGN_STYLE = Automatic;
				CURRENT_PROJECT_VERSION = 1;
				DEVELOPMENT_TEAM = 6G974YC4Z2;
				ENABLE_PREVIEWS = YES;
				GENERATE_INFOPLIST_FILE = YES;
				INFOPLIST_KEY_LSApplicationCategoryType = "public.app-category.medical";
				INFOPLIST_KEY_NSCameraUsageDescription = "MeData uses the camera to capture a photo of your meal so it can estimate the carbohydrates on your plate.";
				INFOPLIST_KEY_NSMotionUsageDescription = "MeData uses motion data to show how level the camera is while you capture your meal.";
				INFOPLIST_KEY_NSPhotoLibraryAddUsageDescription = "MeData saves a copy of your meal photo to your Photos library, so the picture stays under your control alongside the carbohydrate estimate.";
				INFOPLIST_KEY_NSPhotoLibraryUsageDescription = "MeData reads thumbnails of your captured meal photos to show them in your meal history.";
				INFOPLIST_KEY_UIApplicationSceneManifest_Generation = YES;
				INFOPLIST_KEY_UIApplicationSupportsIndirectInputEvents = YES;
				INFOPLIST_KEY_UILaunchScreen_Generation = YES;
				INFOPLIST_KEY_UIStatusBarStyle = "";
				INFOPLIST_KEY_UISupportedInterfaceOrientations_iPad = "UIInterfaceOrientationPortrait UIInterfaceOrientationPortraitUpsideDown";
				INFOPLIST_KEY_UISupportedInterfaceOrientations_iPhone = UIInterfaceOrientationPortrait;
				LD_RUNPATH_SEARCH_PATHS = (
					"$(inherited)",
					"@executable_path/Frameworks",
				);
				MARKETING_VERSION = 1.0;
				PRODUCT_BUNDLE_IDENTIFIER = rtob.MeData;
				PRODUCT_NAME = "$(TARGET_NAME)";
				STRING_CATALOG_GENERATE_SYMBOLS = YES;
				SWIFT_APPROACHABLE_CONCURRENCY = YES;
				SWIFT_DEFAULT_ACTOR_ISOLATION = MainActor;
				SWIFT_EMIT_LOC_STRINGS = YES;
				SWIFT_UPCOMING_FEATURE_MEMBER_IMPORT_VISIBILITY = YES;
				SWIFT_VERSION = 5.0;
				TARGETED_DEVICE_FAMILY = "1";
			};
			name = Debug;
		};
		111EC9192FBD327D00272C1E /* Release */ = {
			isa = XCBuildConfiguration;
			buildSettings = {
				ASSETCATALOG_COMPILER_APPICON_NAME = AppIcon;
				ASSETCATALOG_COMPILER_GLOBAL_ACCENT_COLOR_NAME = AccentColor;
				CODE_SIGN_STYLE = Automatic;
				CURRENT_PROJECT_VERSION = 1;
				DEVELOPMENT_TEAM = 6G974YC4Z2;
				ENABLE_PREVIEWS = YES;
				GENERATE_INFOPLIST_FILE = YES;
				INFOPLIST_KEY_LSApplicationCategoryType = "public.app-category.medical";
				INFOPLIST_KEY_NSCameraUsageDescription = "MeData uses the camera to capture a photo of your meal so it can estimate the carbohydrates on your plate.";
				INFOPLIST_KEY_NSMotionUsageDescription = "MeData uses motion data to show how level the camera is while you capture your meal.";
				INFOPLIST_KEY_NSPhotoLibraryAddUsageDescription = "MeData saves a copy of your meal photo to your Photos library, so the picture stays under your control alongside the carbohydrate estimate.";
				INFOPLIST_KEY_NSPhotoLibraryUsageDescription = "MeData reads thumbnails of your captured meal photos to show them in your meal history.";
				INFOPLIST_KEY_UIApplicationSceneManifest_Generation = YES;
				INFOPLIST_KEY_UIApplicationSupportsIndirectInputEvents = YES;
				INFOPLIST_KEY_UILaunchScreen_Generation = YES;
				INFOPLIST_KEY_UIStatusBarStyle = "";
				INFOPLIST_KEY_UISupportedInterfaceOrientations_iPad = "UIInterfaceOrientationPortrait UIInterfaceOrientationPortraitUpsideDown";
				INFOPLIST_KEY_UISupportedInterfaceOrientations_iPhone = UIInterfaceOrientationPortrait;
				LD_RUNPATH_SEARCH_PATHS = (
					"$(inherited)",
					"@executable_path/Frameworks",
				);
				MARKETING_VERSION = 1.0;
				PRODUCT_BUNDLE_IDENTIFIER = rtob.MeData;
				PRODUCT_NAME = "$(TARGET_NAME)";
				STRING_CATALOG_GENERATE_SYMBOLS = YES;
				SWIFT_APPROACHABLE_CONCURRENCY = YES;
				SWIFT_DEFAULT_ACTOR_ISOLATION = MainActor;
				SWIFT_EMIT_LOC_STRINGS = YES;
				SWIFT_UPCOMING_FEATURE_MEMBER_IMPORT_VISIBILITY = YES;
				SWIFT_VERSION = 5.0;
				TARGETED_DEVICE_FAMILY = "1";
			};
			name = Release;
		};
/* End XCBuildConfiguration section */

/* Begin XCConfigurationList section */
		111EC9072FBD327D00272C1E /* Build configuration list for PBXProject "MeData" */ = {
			isa = XCConfigurationList;
			buildConfigurations = (
				111EC9152FBD327D00272C1E /* Debug */,
				111EC9162FBD327D00272C1E /* Release */,
			);
			defaultConfigurationIsVisible = 0;
			defaultConfigurationName = Release;
		};
		111EC9172FBD327D00272C1E /* Build configuration list for PBXNativeTarget "MeData" */ = {
			isa = XCConfigurationList;
			buildConfigurations = (
				111EC9182FBD327D00272C1E /* Debug */,
				111EC9192FBD327D00272C1E /* Release */,
			);
			defaultConfigurationIsVisible = 0;
			defaultConfigurationName = Release;
		};
/* End XCConfigurationList section */

/* Begin XCLocalSwiftPackageReference section */
		111EC91A2FBD45B500272C1E /* XCLocalSwiftPackageReference "../../medata" */ = {
			isa = XCLocalSwiftPackageReference;
			relativePath = ..;
		};
/* End XCLocalSwiftPackageReference section */

/* Begin XCSwiftPackageProductDependency section */
		111EC91D2FBD45B500272C1E /* MedataCore */ = {
			isa = XCSwiftPackageProductDependency;
			productName = MedataCore;
		};
/* End XCSwiftPackageProductDependency section */
	};
	rootObject = 111EC9042FBD327D00272C1E /* Project object */;
}
